// !$*UTF8*$!
{
	archiveVersion = 1;
	classes = {
	};
	objectVersion = 51;
	objects = {

/* Begin PBXBuildFile section */
		0A5C0CBE2465493C0018E88F /* EVONormalToolManager.m in Sources */ = {isa = PBXBuildFile; fileRef = 0A5C0CBD2465493C0018E88F /* EVONormalToolManager.m */; };
		0A5C0CC1246552550018E88F /* NSObject+Toast.m in Sources */ = {isa = PBXBuildFile; fileRef = 0A5C0CC0246552550018E88F /* NSObject+Toast.m */; };
		0A5C0CC6246558E50018E88F /* SPDateTimePickerView.m in Sources */ = {isa = PBXBuildFile; fileRef = 0A5C0CC4246558E50018E88F /* SPDateTimePickerView.m */; };
		0A5C0CC924655D310018E88F /* EVOUserDataObj.m in Sources */ = {isa = PBXBuildFile; fileRef = 0A5C0CC824655D310018E88F /* EVOUserDataObj.m */; };
		0A5C0CCC246560D20018E88F /* EVOPrivateRuleViewController.m in Sources */ = {isa = PBXBuildFile; fileRef = 0A5C0CCB246560D20018E88F /* EVOPrivateRuleViewController.m */; };
		0A5C0CD12465664F0018E88F /* EVOSettingViewController.m in Sources */ = {isa = PBXBuildFile; fileRef = 0A5C0CCF2465664F0018E88F /* EVOSettingViewController.m */; };
		0A5C0CD22465664F0018E88F /* EVOSettingViewController.xib in Resources */ = {isa = PBXBuildFile; fileRef = 0A5C0CD02465664F0018E88F /* EVOSettingViewController.xib */; };
		0A5C0CE9246667BF0018E88F /* EVOSubmitCommunityController.xib in Resources */ = {isa = PBXBuildFile; fileRef = 0A5C0CE3246667BF0018E88F /* EVOSubmitCommunityController.xib */; };
		0A5C0CEA246667BF0018E88F /* EVOSubmitCommunityController.m in Sources */ = {isa = PBXBuildFile; fileRef = 0A5C0CE4246667BF0018E88F /* EVOSubmitCommunityController.m */; };
		0A5C0CEB246667BF0018E88F /* EVOSubmitCustomBtn.m in Sources */ = {isa = PBXBuildFile; fileRef = 0A5C0CE7246667BF0018E88F /* EVOSubmitCustomBtn.m */; };
		0A5C0CEE246667D70018E88F /* UITextView+YLTextView.m in Sources */ = {isa = PBXBuildFile; fileRef = 0A5C0CED246667D60018E88F /* UITextView+YLTextView.m */; };
		0A5C0CF3246696C00018E88F /* EVOConnectUsViewController.m in Sources */ = {isa = PBXBuildFile; fileRef = 0A5C0CF1246696C00018E88F /* EVOConnectUsViewController.m */; };
		0A5C0CF4246696C00018E88F /* EVOConnectUsViewController.xib in Resources */ = {isa = PBXBuildFile; fileRef = 0A5C0CF2246696C00018E88F /* EVOConnectUsViewController.xib */; };
		0A5C0D582468FA570018E88F /* XLProgressView.m in Sources */ = {isa = PBXBuildFile; fileRef = 0A5C0D422468FA570018E88F /* XLProgressView.m */; };
		0A5C0D592468FA570018E88F /* UIView+XLExtension.m in Sources */ = {isa = PBXBuildFile; fileRef = 0A5C0D442468FA570018E88F /* UIView+XLExtension.m */; };
		0A5C0D5A2468FA570018E88F /* UIImage+XLExtension.m in Sources */ = {isa = PBXBuildFile; fileRef = 0A5C0D472468FA570018E88F /* UIImage+XLExtension.m */; };
		0A5C0D5B2468FA570018E88F /* XLZoomingScrollView.m in Sources */ = {isa = PBXBuildFile; fileRef = 0A5C0D482468FA570018E88F /* XLZoomingScrollView.m */; };
		0A5C0D5C2468FA570018E88F /* XLPhotoBrowser.m in Sources */ = {isa = PBXBuildFile; fileRef = 0A5C0D492468FA570018E88F /* XLPhotoBrowser.m */; };
		0A5C0D5D2468FA570018E88F /* FSActionSheet_cancel@3x.png in Resources */ = {isa = PBXBuildFile; fileRef = 0A5C0D502468FA570018E88F /* FSActionSheet_cancel@3x.png */; };
		0A5C0D5E2468FA570018E88F /* FSActionSheet_cancel@2x.png in Resources */ = {isa = PBXBuildFile; fileRef = 0A5C0D512468FA570018E88F /* FSActionSheet_cancel@2x.png */; };
		0A5C0D5F2468FA570018E88F /* FSActionSheetConfig.m in Sources */ = {isa = PBXBuildFile; fileRef = 0A5C0D522468FA570018E88F /* FSActionSheetConfig.m */; };
		0A5C0D602468FA570018E88F /* FSActionSheet.m in Sources */ = {isa = PBXBuildFile; fileRef = 0A5C0D532468FA570018E88F /* FSActionSheet.m */; };
		0A5C0D612468FA570018E88F /* FSActionSheetCell.m in Sources */ = {isa = PBXBuildFile; fileRef = 0A5C0D542468FA570018E88F /* FSActionSheetCell.m */; };
		0A5C0D622468FA570018E88F /* FSActionSheetItem.m in Sources */ = {isa = PBXBuildFile; fileRef = 0A5C0D552468FA570018E88F /* FSActionSheetItem.m */; };
		0A5C0D782468FA5F0018E88F /* LICENSE in Resources */ = {isa = PBXBuildFile; fileRef = 0A5C0D642468FA5F0018E88F /* LICENSE */; };
		0A5C0D792468FA5F0018E88F /* README.md in Resources */ = {isa = PBXBuildFile; fileRef = 0A5C0D652468FA5F0018E88F /* README.md */; };
		0A5C0D7A2468FA5F0018E88F /* SDCycleScrollView.m in Sources */ = {isa = PBXBuildFile; fileRef = 0A5C0D6C2468FA5F0018E88F /* SDCycleScrollView.m */; };
		0A5C0D7B2468FA5F0018E88F /* UIView+SDExtension.m in Sources */ = {isa = PBXBuildFile; fileRef = 0A5C0D6D2468FA5F0018E88F /* UIView+SDExtension.m */; };
		0A5C0D7C2468FA5F0018E88F /* SDCollectionViewCell.m in Sources */ = {isa = PBXBuildFile; fileRef = 0A5C0D6E2468FA5F0018E88F /* SDCollectionViewCell.m */; };
		0A5C0D7D2468FA5F0018E88F /* TADotView.m in Sources */ = {isa = PBXBuildFile; fileRef = 0A5C0D712468FA5F0018E88F /* TADotView.m */; };
		0A5C0D7E2468FA5F0018E88F /* TAPageControl.m in Sources */ = {isa = PBXBuildFile; fileRef = 0A5C0D722468FA5F0018E88F /* TAPageControl.m */; };
		0A5C0D7F2468FA5F0018E88F /* TAAnimatedDotView.m in Sources */ = {isa = PBXBuildFile; fileRef = 0A5C0D732468FA5F0018E88F /* TAAnimatedDotView.m */; };
		0A5C0D802468FA5F0018E88F /* TAAbstractDotView.m in Sources */ = {isa = PBXBuildFile; fileRef = 0A5C0D742468FA5F0018E88F /* TAAbstractDotView.m */; };
		0A5C0D842468FA880018E88F /* EVOLocation.m in Sources */ = {isa = PBXBuildFile; fileRef = 0A5C0D832468FA880018E88F /* EVOLocation.m */; };
		0A5C0D932468FA980018E88F /* EVOBullevchatModel.m in Sources */ = {isa = PBXBuildFile; fileRef = 0A5C0D8B2468FA980018E88F /* EVOBullevchatModel.m */; };
		0A5C0D942468FA980018E88F /* EVOBulletChatView.m in Sources */ = {isa = PBXBuildFile; fileRef = 0A5C0D8D2468FA980018E88F /* EVOBulletChatView.m */; };
		0A5C0D952468FA980018E88F /* EVODynamicDetailsVC.m in Sources */ = {isa = PBXBuildFile; fileRef = 0A5C0D8E2468FA980018E88F /* EVODynamicDetailsVC.m */; };
		0A5C0D962468FA980018E88F /* EVODynamicInfoView.m in Sources */ = {isa = PBXBuildFile; fileRef = 0A5C0D8F2468FA980018E88F /* EVODynamicInfoView.m */; };
		0A5C0D972468FA980018E88F /* EVOInputCommentView.m in Sources */ = {isa = PBXBuildFile; fileRef = 0A5C0D902468FA980018E88F /* EVOInputCommentView.m */; };
		0A5C0D982468FA980018E88F /* EVOAnnotation.m in Sources */ = {isa = PBXBuildFile; fileRef = 0A5C0D912468FA980018E88F /* EVOAnnotation.m */; };
		0A5C0D9F2468FABC0018E88F /* CALayer+Aimate.m in Sources */ = {isa = PBXBuildFile; fileRef = 0A5C0D9A2468FABB0018E88F /* CALayer+Aimate.m */; };
		0A5C0DA02468FABC0018E88F /* FDanmakuView.m in Sources */ = {isa = PBXBuildFile; fileRef = 0A5C0D9E2468FABB0018E88F /* FDanmakuView.m */; };
		0A5C0DA7246932420018E88F /* PrivacyPolicy.pdf in Resources */ = {isa = PBXBuildFile; fileRef = 0A5C0DA5246932420018E88F /* PrivacyPolicy.pdf */; };
		0A5C0DA8246932420018E88F /* TermsOfUse.pdf in Resources */ = {isa = PBXBuildFile; fileRef = 0A5C0DA6246932420018E88F /* TermsOfUse.pdf */; };
		0A5C0DAA24693D6B0018E88F /* community_test.json in Resources */ = {isa = PBXBuildFile; fileRef = 0A5C0DA924693D6B0018E88F /* community_test.json */; };
		0A5C0DAD2469414C0018E88F /* EVONetworkURLPathManager.m in Sources */ = {isa = PBXBuildFile; fileRef = 0A5C0DAC2469414C0018E88F /* EVONetworkURLPathManager.m */; };
		0A5C0DC4246A4F840018E88F /* leadRule.pdf in Resources */ = {isa = PBXBuildFile; fileRef = 0A5C0DC3246A4F840018E88F /* leadRule.pdf */; };
		0A9ADE3B2491CA5D0001CFBF /* EVOBlackListManager.m in Sources */ = {isa = PBXBuildFile; fileRef = 0A9ADE3A2491CA5D0001CFBF /* EVOBlackListManager.m */; };
		0A9ADE402491CCCC0001CFBF /* EVOBlackListViewController.m in Sources */ = {isa = PBXBuildFile; fileRef = 0A9ADE3E2491CCCC0001CFBF /* EVOBlackListViewController.m */; };
		0A9ADE412491CCCC0001CFBF /* EVOBlackListViewController.xib in Resources */ = {isa = PBXBuildFile; fileRef = 0A9ADE3F2491CCCC0001CFBF /* EVOBlackListViewController.xib */; };
		0A9ADE472491CFD80001CFBF /* EVOBlackListCellView.m in Sources */ = {isa = PBXBuildFile; fileRef = 0A9ADE452491CFD80001CFBF /* EVOBlackListCellView.m */; };
		0A9ADE482491CFD80001CFBF /* EVOBlackListCellView.xib in Resources */ = {isa = PBXBuildFile; fileRef = 0A9ADE462491CFD80001CFBF /* EVOBlackListCellView.xib */; };
		0ACD6DAC2463A50E006C65FA /* AppDelegate.m in Sources */ = {isa = PBXBuildFile; fileRef = 0ACD6DAB2463A50E006C65FA /* AppDelegate.m */; };
		0ACD6DB72463A50E006C65FA /* Assets.xcassets in Resources */ = {isa = PBXBuildFile; fileRef = 0ACD6DB62463A50E006C65FA /* Assets.xcassets */; };
		0ACD6DBA2463A50E006C65FA /* LaunchScreen.storyboard in Resources */ = {isa = PBXBuildFile; fileRef = 0ACD6DB82463A50E006C65FA /* LaunchScreen.storyboard */; };
		0ACD6DBD2463A50E006C65FA /* main.m in Sources */ = {isa = PBXBuildFile; fileRef = 0ACD6DBC2463A50E006C65FA /* main.m */; };
		0ACD6DC52463A5D3006C65FA /* GlobeScene.m in Sources */ = {isa = PBXBuildFile; fileRef = 0ACD6DC42463A5D3006C65FA /* GlobeScene.m */; };
		0ACD6DCE2463ACAE006C65FA /* EVOTabBarViewController.m in Sources */ = {isa = PBXBuildFile; fileRef = 0ACD6DCD2463ACAE006C65FA /* EVOTabBarViewController.m */; };
		0ACD6DD22463AEFD006C65FA /* UIImage+Category.m in Sources */ = {isa = PBXBuildFile; fileRef = 0ACD6DD12463AEFD006C65FA /* UIImage+Category.m */; };
		0ACD6DD62463B095006C65FA /* EVONavigationController.m in Sources */ = {isa = PBXBuildFile; fileRef = 0ACD6DD52463B095006C65FA /* EVONavigationController.m */; };
		0ACD6DDA2463B26C006C65FA /* EVOHomeViewController.m in Sources */ = {isa = PBXBuildFile; fileRef = 0ACD6DD82463B26C006C65FA /* EVOHomeViewController.m */; };
		0ACD6DDB2463B26C006C65FA /* EVOHomeViewController.xib in Resources */ = {isa = PBXBuildFile; fileRef = 0ACD6DD92463B26C006C65FA /* EVOHomeViewController.xib */; };
		0ACD6DDE2463B6B1006C65FA /* EVOHomeNewsListView.m in Sources */ = {isa = PBXBuildFile; fileRef = 0ACD6DDD2463B6B1006C65FA /* EVOHomeNewsListView.m */; };
		0ACD6DE52463B8E5006C65FA /* EVOHomeNewsCollectionViewCell.m in Sources */ = {isa = PBXBuildFile; fileRef = 0ACD6DE32463B8E5006C65FA /* EVOHomeNewsCollectionViewCell.m */; };
		0ACD6DE62463B8E5006C65FA /* EVOHomeNewsCollectionViewCell.xib in Resources */ = {isa = PBXBuildFile; fileRef = 0ACD6DE42463B8E5006C65FA /* EVOHomeNewsCollectionViewCell.xib */; };
		0ACD6DEB2463D74D006C65FA /* EVOMyCenterViewController.m in Sources */ = {isa = PBXBuildFile; fileRef = 0ACD6DEA2463D74D006C65FA /* EVOMyCenterViewController.m */; };
		0ACD6DEE2463D75F006C65FA /* EVOCommunityViewController.m in Sources */ = {isa = PBXBuildFile; fileRef = 0ACD6DED2463D75F006C65FA /* EVOCommunityViewController.m */; };
		0ACD6DF32463D9E7006C65FA /* UIColor+Hex.m in Sources */ = {isa = PBXBuildFile; fileRef = 0ACD6DF12463D9E7006C65FA /* UIColor+Hex.m */; };
		0ACD6DF92463DE98006C65FA /* EVONetworkEngineManager.m in Sources */ = {isa = PBXBuildFile; fileRef = 0ACD6DF82463DE98006C65FA /* EVONetworkEngineManager.m */; };
		0ACD6DFC2463E6B3006C65FA /* EVOMapDetailViewController.m in Sources */ = {isa = PBXBuildFile; fileRef = 0ACD6DFB2463E6B3006C65FA /* EVOMapDetailViewController.m */; };
		0ACD6E032463F217006C65FA /* EVODynamicsViewController.m in Sources */ = {isa = PBXBuildFile; fileRef = 0ACD6E022463F217006C65FA /* EVODynamicsViewController.m */; };
		0ACD6E062463F221006C65FA /* EVOMessageViewController.m in Sources */ = {isa = PBXBuildFile; fileRef = 0ACD6E052463F221006C65FA /* EVOMessageViewController.m */; };
		0ACD6E0E24640216006C65FA /* EVOCommunityViewCell.m in Sources */ = {isa = PBXBuildFile; fileRef = 0ACD6E0C24640216006C65FA /* EVOCommunityViewCell.m */; };
		0ACD6E0F24640216006C65FA /* EVOCommunityViewCell.xib in Resources */ = {isa = PBXBuildFile; fileRef = 0ACD6E0D24640216006C65FA /* EVOCommunityViewCell.xib */; };
		0ACD6E12246413E0006C65FA /* UIView+Gesture.m in Sources */ = {isa = PBXBuildFile; fileRef = 0ACD6E10246413E0006C65FA /* UIView+Gesture.m */; };
		0ACD6E1624641729006C65FA /* EVOMyCenterTopView.m in Sources */ = {isa = PBXBuildFile; fileRef = 0ACD6E1524641729006C65FA /* EVOMyCenterTopView.m */; };
		0ACD6E19246417FD006C65FA /* EVOMyCenterCustomView.m in Sources */ = {isa = PBXBuildFile; fileRef = 0ACD6E18246417FD006C65FA /* EVOMyCenterCustomView.m */; };
		0ACD6E1C2464F2E3006C65FA /* EVOMyCenterPhotoCollectionView.m in Sources */ = {isa = PBXBuildFile; fileRef = 0ACD6E1B2464F2E3006C65FA /* EVOMyCenterPhotoCollectionView.m */; };
		0ACD6E202464F4BD006C65FA /* EVOMyCenterPhotoViewCell.m in Sources */ = {isa = PBXBuildFile; fileRef = 0ACD6E1E2464F4BD006C65FA /* EVOMyCenterPhotoViewCell.m */; };
		0ACD6E212464F4BD006C65FA /* EVOMyCenterPhotoViewCell.xib in Resources */ = {isa = PBXBuildFile; fileRef = 0ACD6E1F2464F4BD006C65FA /* EVOMyCenterPhotoViewCell.xib */; };
		0ACD6E2524650082006C65FA /* EVOUserCommunityDataObj.m in Sources */ = {isa = PBXBuildFile; fileRef = 0ACD6E2424650082006C65FA /* EVOUserCommunityDataObj.m */; };
		0ACD6E272465041D006C65FA /* test.json in Resources */ = {isa = PBXBuildFile; fileRef = 0ACD6E262465041D006C65FA /* test.json */; };
		0ACD6E2F24650F6E006C65FA /* EVOCommunityDataManager.m in Sources */ = {isa = PBXBuildFile; fileRef = 0ACD6E2E24650F6E006C65FA /* EVOCommunityDataManager.m */; };
		0ACD6E33246527EA006C65FA /* EVOUserDataManager.m in Sources */ = {isa = PBXBuildFile; fileRef = 0ACD6E32246527EA006C65FA /* EVOUserDataManager.m */; };
		0ACD6E3824653064006C65FA /* EVOAppEnterViewController.m in Sources */ = {isa = PBXBuildFile; fileRef = 0ACD6E3624653064006C65FA /* EVOAppEnterViewController.m */; };
		0ACD6E3924653064006C65FA /* EVOAppEnterViewController.xib in Resources */ = {isa = PBXBuildFile; fileRef = 0ACD6E3724653064006C65FA /* EVOAppEnterViewController.xib */; };
		0ACD6E4124653C66006C65FA /* EVOUserInfoEditeViewController.m in Sources */ = {isa = PBXBuildFile; fileRef = 0ACD6E3F24653C66006C65FA /* EVOUserInfoEditeViewController.m */; };
		0ACD6E4224653C66006C65FA /* EVOUserInfoEditeViewController.xib in Resources */ = {isa = PBXBuildFile; fileRef = 0ACD6E4024653C66006C65FA /* EVOUserInfoEditeViewController.xib */; };
		0AF32241249227D5008103E3 /* libOpenInstallSDK.a in Frameworks */ = {isa = PBXBuildFile; fileRef = 0AF3223E249227D5008103E3 /* libOpenInstallSDK.a */; };
		D6555C332DEB0C720E24951F /* Pods_EarthNews.framework in Frameworks */ = {isa = PBXBuildFile; fileRef = 80692613D39F8817B75A928F /* Pods_EarthNews.framework */; };
/* End PBXBuildFile section */

/* Begin PBXFileReference section */
		0A0A8209C00392E4D831AF9D /* Pods-EarthNews.release.xcconfig */ = {isa = PBXFileReference; includeInIndex = 1; lastKnownFileType = text.xcconfig; name = "Pods-EarthNews.release.xcconfig"; path = "Target Support Files/Pods-EarthNews/Pods-EarthNews.release.xcconfig"; sourceTree = "<group>"; };
		0A5C0CBC2465493C0018E88F /* EVONormalToolManager.h */ = {isa = PBXFileReference; lastKnownFileType = sourcecode.c.h; path = EVONormalToolManager.h; sourceTree = "<group>"; };
		0A5C0CBD2465493C0018E88F /* EVONormalToolManager.m */ = {isa = PBXFileReference; lastKnownFileType = sourcecode.c.objc; path = EVONormalToolManager.m; sourceTree = "<group>"; };
		0A5C0CBF246552550018E88F /* NSObject+Toast.h */ = {isa = PBXFileReference; lastKnownFileType = sourcecode.c.h; path = "NSObject+Toast.h"; sourceTree = "<group>"; };
		0A5C0CC0246552550018E88F /* NSObject+Toast.m */ = {isa = PBXFileReference; lastKnownFileType = sourcecode.c.objc; path = "NSObject+Toast.m"; sourceTree = "<group>"; };
		0A5C0CC4246558E50018E88F /* SPDateTimePickerView.m */ = {isa = PBXFileReference; fileEncoding = 4; lastKnownFileType = sourcecode.c.objc; path = SPDateTimePickerView.m; sourceTree = "<group>"; };
		0A5C0CC5246558E50018E88F /* SPDateTimePickerView.h */ = {isa = PBXFileReference; fileEncoding = 4; lastKnownFileType = sourcecode.c.h; path = SPDateTimePickerView.h; sourceTree = "<group>"; };
		0A5C0CC724655D310018E88F /* EVOUserDataObj.h */ = {isa = PBXFileReference; lastKnownFileType = sourcecode.c.h; path = EVOUserDataObj.h; sourceTree = "<group>"; };
		0A5C0CC824655D310018E88F /* EVOUserDataObj.m */ = {isa = PBXFileReference; lastKnownFileType = sourcecode.c.objc; path = EVOUserDataObj.m; sourceTree = "<group>"; };
		0A5C0CCA246560D20018E88F /* EVOPrivateRuleViewController.h */ = {isa = PBXFileReference; lastKnownFileType = sourcecode.c.h; path = EVOPrivateRuleViewController.h; sourceTree = "<group>"; };
		0A5C0CCB246560D20018E88F /* EVOPrivateRuleViewController.m */ = {isa = PBXFileReference; lastKnownFileType = sourcecode.c.objc; path = EVOPrivateRuleViewController.m; sourceTree = "<group>"; };
		0A5C0CCE2465664F0018E88F /* EVOSettingViewController.h */ = {isa = PBXFileReference; lastKnownFileType = sourcecode.c.h; path = EVOSettingViewController.h; sourceTree = "<group>"; };
		0A5C0CCF2465664F0018E88F /* EVOSettingViewController.m */ = {isa = PBXFileReference; lastKnownFileType = sourcecode.c.objc; path = EVOSettingViewController.m; sourceTree = "<group>"; };
		0A5C0CD02465664F0018E88F /* EVOSettingViewController.xib */ = {isa = PBXFileReference; lastKnownFileType = file.xib; path = EVOSettingViewController.xib; sourceTree = "<group>"; };
		0A5C0CE3246667BF0018E88F /* EVOSubmitCommunityController.xib */ = {isa = PBXFileReference; fileEncoding = 4; lastKnownFileType = file.xib; path = EVOSubmitCommunityController.xib; sourceTree = "<group>"; };
		0A5C0CE4246667BF0018E88F /* EVOSubmitCommunityController.m */ = {isa = PBXFileReference; fileEncoding = 4; lastKnownFileType = sourcecode.c.objc; path = EVOSubmitCommunityController.m; sourceTree = "<group>"; };
		0A5C0CE5246667BF0018E88F /* EVOSubmitCommunityController.h */ = {isa = PBXFileReference; fileEncoding = 4; lastKnownFileType = sourcecode.c.h; path = EVOSubmitCommunityController.h; sourceTree = "<group>"; };
		0A5C0CE7246667BF0018E88F /* EVOSubmitCustomBtn.m */ = {isa = PBXFileReference; fileEncoding = 4; lastKnownFileType = sourcecode.c.objc; path = EVOSubmitCustomBtn.m; sourceTree = "<group>"; };
		0A5C0CE8246667BF0018E88F /* EVOSubmitCustomBtn.h */ = {isa = PBXFileReference; fileEncoding = 4; lastKnownFileType = sourcecode.c.h; path = EVOSubmitCustomBtn.h; sourceTree = "<group>"; };
		0A5C0CEC246667D60018E88F /* UITextView+YLTextView.h */ = {isa = PBXFileReference; fileEncoding = 4; lastKnownFileType = sourcecode.c.h; path = "UITextView+YLTextView.h"; sourceTree = "<group>"; };
		0A5C0CED246667D60018E88F /* UITextView+YLTextView.m */ = {isa = PBXFileReference; fileEncoding = 4; lastKnownFileType = sourcecode.c.objc; path = "UITextView+YLTextView.m"; sourceTree = "<group>"; };
		0A5C0CF0246696C00018E88F /* EVOConnectUsViewController.h */ = {isa = PBXFileReference; lastKnownFileType = sourcecode.c.h; path = EVOConnectUsViewController.h; sourceTree = "<group>"; };
		0A5C0CF1246696C00018E88F /* EVOConnectUsViewController.m */ = {isa = PBXFileReference; lastKnownFileType = sourcecode.c.objc; path = EVOConnectUsViewController.m; sourceTree = "<group>"; };
		0A5C0CF2246696C00018E88F /* EVOConnectUsViewController.xib */ = {isa = PBXFileReference; lastKnownFileType = file.xib; path = EVOConnectUsViewController.xib; sourceTree = "<group>"; };
		0A5C0D402468FA570018E88F /* UIImage+XLExtension.h */ = {isa = PBXFileReference; fileEncoding = 4; lastKnownFileType = sourcecode.c.h; path = "UIImage+XLExtension.h"; sourceTree = "<group>"; };
		0A5C0D412468FA570018E88F /* XLPhotoBrowserConfig.h */ = {isa = PBXFileReference; fileEncoding = 4; lastKnownFileType = sourcecode.c.h; path = XLPhotoBrowserConfig.h; sourceTree = "<group>"; };
		0A5C0D422468FA570018E88F /* XLProgressView.m */ = {isa = PBXFileReference; fileEncoding = 4; lastKnownFileType = sourcecode.c.objc; path = XLProgressView.m; sourceTree = "<group>"; };
		0A5C0D432468FA570018E88F /* XLZoomingScrollView.h */ = {isa = PBXFileReference; fileEncoding = 4; lastKnownFileType = sourcecode.c.h; path = XLZoomingScrollView.h; sourceTree = "<group>"; };
		0A5C0D442468FA570018E88F /* UIView+XLExtension.m */ = {isa = PBXFileReference; fileEncoding = 4; lastKnownFileType = sourcecode.c.objc; path = "UIView+XLExtension.m"; sourceTree = "<group>"; };
		0A5C0D452468FA570018E88F /* XLPhotoBrowser.h */ = {isa = PBXFileReference; fileEncoding = 4; lastKnownFileType = sourcecode.c.h; path = XLPhotoBrowser.h; sourceTree = "<group>"; };
		0A5C0D462468FA570018E88F /* XLProgressView.h */ = {isa = PBXFileReference; fileEncoding = 4; lastKnownFileType = sourcecode.c.h; path = XLProgressView.h; sourceTree = "<group>"; };
		0A5C0D472468FA570018E88F /* UIImage+XLExtension.m */ = {isa = PBXFileReference; fileEncoding = 4; lastKnownFileType = sourcecode.c.objc; path = "UIImage+XLExtension.m"; sourceTree = "<group>"; };
		0A5C0D482468FA570018E88F /* XLZoomingScrollView.m */ = {isa = PBXFileReference; fileEncoding = 4; lastKnownFileType = sourcecode.c.objc; path = XLZoomingScrollView.m; sourceTree = "<group>"; };
		0A5C0D492468FA570018E88F /* XLPhotoBrowser.m */ = {isa = PBXFileReference; fileEncoding = 4; lastKnownFileType = sourcecode.c.objc; path = XLPhotoBrowser.m; sourceTree = "<group>"; };
		0A5C0D4A2468FA570018E88F /* UIView+XLExtension.h */ = {isa = PBXFileReference; fileEncoding = 4; lastKnownFileType = sourcecode.c.h; path = "UIView+XLExtension.h"; sourceTree = "<group>"; };
		0A5C0D4D2468FA570018E88F /* FSActionSheetItem.h */ = {isa = PBXFileReference; fileEncoding = 4; lastKnownFileType = sourcecode.c.h; path = FSActionSheetItem.h; sourceTree = "<group>"; };
		0A5C0D4E2468FA570018E88F /* FSActionSheetCell.h */ = {isa = PBXFileReference; fileEncoding = 4; lastKnownFileType = sourcecode.c.h; path = FSActionSheetCell.h; sourceTree = "<group>"; };
		0A5C0D502468FA570018E88F /* FSActionSheet_cancel@3x.png */ = {isa = PBXFileReference; lastKnownFileType = image.png; path = "FSActionSheet_cancel@3x.png"; sourceTree = "<group>"; };
		0A5C0D512468FA570018E88F /* FSActionSheet_cancel@2x.png */ = {isa = PBXFileReference; lastKnownFileType = image.png; path = "FSActionSheet_cancel@2x.png"; sourceTree = "<group>"; };
		0A5C0D522468FA570018E88F /* FSActionSheetConfig.m */ = {isa = PBXFileReference; fileEncoding = 4; lastKnownFileType = sourcecode.c.objc; path = FSActionSheetConfig.m; sourceTree = "<group>"; };
		0A5C0D532468FA570018E88F /* FSActionSheet.m */ = {isa = PBXFileReference; fileEncoding = 4; lastKnownFileType = sourcecode.c.objc; path = FSActionSheet.m; sourceTree = "<group>"; };
		0A5C0D542468FA570018E88F /* FSActionSheetCell.m */ = {isa = PBXFileReference; fileEncoding = 4; lastKnownFileType = sourcecode.c.objc; path = FSActionSheetCell.m; sourceTree = "<group>"; };
		0A5C0D552468FA570018E88F /* FSActionSheetItem.m */ = {isa = PBXFileReference; fileEncoding = 4; lastKnownFileType = sourcecode.c.objc; path = FSActionSheetItem.m; sourceTree = "<group>"; };
		0A5C0D562468FA570018E88F /* FSActionSheetConfig.h */ = {isa = PBXFileReference; fileEncoding = 4; lastKnownFileType = sourcecode.c.h; path = FSActionSheetConfig.h; sourceTree = "<group>"; };
		0A5C0D572468FA570018E88F /* FSActionSheet.h */ = {isa = PBXFileReference; fileEncoding = 4; lastKnownFileType = sourcecode.c.h; path = FSActionSheet.h; sourceTree = "<group>"; };
		0A5C0D642468FA5F0018E88F /* LICENSE */ = {isa = PBXFileReference; fileEncoding = 4; lastKnownFileType = text; path = LICENSE; sourceTree = "<group>"; };
		0A5C0D652468FA5F0018E88F /* README.md */ = {isa = PBXFileReference; fileEncoding = 4; lastKnownFileType = net.daringfireball.markdown; path = README.md; sourceTree = "<group>"; };
		0A5C0D692468FA5F0018E88F /* UIView+SDExtension.h */ = {isa = PBXFileReference; fileEncoding = 4; lastKnownFileType = sourcecode.c.h; path = "UIView+SDExtension.h"; sourceTree = "<group>"; };
		0A5C0D6A2468FA5F0018E88F /* SDCycleScrollView.h */ = {isa = PBXFileReference; fileEncoding = 4; lastKnownFileType = sourcecode.c.h; path = SDCycleScrollView.h; sourceTree = "<group>"; };
		0A5C0D6B2468FA5F0018E88F /* SDCollectionViewCell.h */ = {isa = PBXFileReference; fileEncoding = 4; lastKnownFileType = sourcecode.c.h; path = SDCollectionViewCell.h; sourceTree = "<group>"; };
		0A5C0D6C2468FA5F0018E88F /* SDCycleScrollView.m */ = {isa = PBXFileReference; fileEncoding = 4; lastKnownFileType = sourcecode.c.objc; path = SDCycleScrollView.m; sourceTree = "<group>"; };
		0A5C0D6D2468FA5F0018E88F /* UIView+SDExtension.m */ = {isa = PBXFileReference; fileEncoding = 4; lastKnownFileType = sourcecode.c.objc; path = "UIView+SDExtension.m"; sourceTree = "<group>"; };
		0A5C0D6E2468FA5F0018E88F /* SDCollectionViewCell.m */ = {isa = PBXFileReference; fileEncoding = 4; lastKnownFileType = sourcecode.c.objc; path = SDCollectionViewCell.m; sourceTree = "<group>"; };
		0A5C0D702468FA5F0018E88F /* TAAbstractDotView.h */ = {isa = PBXFileReference; fileEncoding = 4; lastKnownFileType = sourcecode.c.h; path = TAAbstractDotView.h; sourceTree = "<group>"; };
		0A5C0D712468FA5F0018E88F /* TADotView.m */ = {isa = PBXFileReference; fileEncoding = 4; lastKnownFileType = sourcecode.c.objc; path = TADotView.m; sourceTree = "<group>"; };
		0A5C0D722468FA5F0018E88F /* TAPageControl.m */ = {isa = PBXFileReference; fileEncoding = 4; lastKnownFileType = sourcecode.c.objc; path = TAPageControl.m; sourceTree = "<group>"; };
		0A5C0D732468FA5F0018E88F /* TAAnimatedDotView.m */ = {isa = PBXFileReference; fileEncoding = 4; lastKnownFileType = sourcecode.c.objc; path = TAAnimatedDotView.m; sourceTree = "<group>"; };
		0A5C0D742468FA5F0018E88F /* TAAbstractDotView.m */ = {isa = PBXFileReference; fileEncoding = 4; lastKnownFileType = sourcecode.c.objc; path = TAAbstractDotView.m; sourceTree = "<group>"; };
		0A5C0D752468FA5F0018E88F /* TADotView.h */ = {isa = PBXFileReference; fileEncoding = 4; lastKnownFileType = sourcecode.c.h; path = TADotView.h; sourceTree = "<group>"; };
		0A5C0D762468FA5F0018E88F /* TAAnimatedDotView.h */ = {isa = PBXFileReference; fileEncoding = 4; lastKnownFileType = sourcecode.c.h; path = TAAnimatedDotView.h; sourceTree = "<group>"; };
		0A5C0D772468FA5F0018E88F /* TAPageControl.h */ = {isa = PBXFileReference; fileEncoding = 4; lastKnownFileType = sourcecode.c.h; path = TAPageControl.h; sourceTree = "<group>"; };
		0A5C0D822468FA820018E88F /* EVOLocation.h */ = {isa = PBXFileReference; lastKnownFileType = sourcecode.c.h; path = EVOLocation.h; sourceTree = "<group>"; };
		0A5C0D832468FA880018E88F /* EVOLocation.m */ = {isa = PBXFileReference; fileEncoding = 4; lastKnownFileType = sourcecode.c.objc; path = EVOLocation.m; sourceTree = "<group>"; };
		0A5C0D872468FA980018E88F /* EVOBulletChatView.h */ = {isa = PBXFileReference; fileEncoding = 4; lastKnownFileType = sourcecode.c.h; path = EVOBulletChatView.h; sourceTree = "<group>"; };
		0A5C0D882468FA980018E88F /* EVODynamicInfoView.h */ = {isa = PBXFileReference; fileEncoding = 4; lastKnownFileType = sourcecode.c.h; path = EVODynamicInfoView.h; sourceTree = "<group>"; };
		0A5C0D892468FA980018E88F /* EVODynamicDetailsVC.h */ = {isa = PBXFileReference; fileEncoding = 4; lastKnownFileType = sourcecode.c.h; path = EVODynamicDetailsVC.h; sourceTree = "<group>"; };
		0A5C0D8A2468FA980018E88F /* EVOInputCommentView.h */ = {isa = PBXFileReference; fileEncoding = 4; lastKnownFileType = sourcecode.c.h; path = EVOInputCommentView.h; sourceTree = "<group>"; };
		0A5C0D8B2468FA980018E88F /* EVOBullevchatModel.m */ = {isa = PBXFileReference; fileEncoding = 4; lastKnownFileType = sourcecode.c.objc; path = EVOBullevchatModel.m; sourceTree = "<group>"; };
		0A5C0D8C2468FA980018E88F /* EVOAnnotation.h */ = {isa = PBXFileReference; fileEncoding = 4; lastKnownFileType = sourcecode.c.h; path = EVOAnnotation.h; sourceTree = "<group>"; };
		0A5C0D8D2468FA980018E88F /* EVOBulletChatView.m */ = {isa = PBXFileReference; fileEncoding = 4; lastKnownFileType = sourcecode.c.objc; path = EVOBulletChatView.m; sourceTree = "<group>"; };
		0A5C0D8E2468FA980018E88F /* EVODynamicDetailsVC.m */ = {isa = PBXFileReference; fileEncoding = 4; lastKnownFileType = sourcecode.c.objc; path = EVODynamicDetailsVC.m; sourceTree = "<group>"; };
		0A5C0D8F2468FA980018E88F /* EVODynamicInfoView.m */ = {isa = PBXFileReference; fileEncoding = 4; lastKnownFileType = sourcecode.c.objc; path = EVODynamicInfoView.m; sourceTree = "<group>"; };
		0A5C0D902468FA980018E88F /* EVOInputCommentView.m */ = {isa = PBXFileReference; fileEncoding = 4; lastKnownFileType = sourcecode.c.objc; path = EVOInputCommentView.m; sourceTree = "<group>"; };
		0A5C0D912468FA980018E88F /* EVOAnnotation.m */ = {isa = PBXFileReference; fileEncoding = 4; lastKnownFileType = sourcecode.c.objc; path = EVOAnnotation.m; sourceTree = "<group>"; };
		0A5C0D922468FA980018E88F /* EVOBullevchatModel.h */ = {isa = PBXFileReference; fileEncoding = 4; lastKnownFileType = sourcecode.c.h; path = EVOBullevchatModel.h; sourceTree = "<group>"; };
		0A5C0D9A2468FABB0018E88F /* CALayer+Aimate.m */ = {isa = PBXFileReference; fileEncoding = 4; lastKnownFileType = sourcecode.c.objc; path = "CALayer+Aimate.m"; sourceTree = "<group>"; };
		0A5C0D9B2468FABB0018E88F /* FDanmakuModelProtocol.h */ = {isa = PBXFileReference; fileEncoding = 4; lastKnownFileType = sourcecode.c.h; path = FDanmakuModelProtocol.h; sourceTree = "<group>"; };
		0A5C0D9C2468FABB0018E88F /* FDanmakuView.h */ = {isa = PBXFileReference; fileEncoding = 4; lastKnownFileType = sourcecode.c.h; path = FDanmakuView.h; sourceTree = "<group>"; };
		0A5C0D9D2468FABB0018E88F /* CALayer+Aimate.h */ = {isa = PBXFileReference; fileEncoding = 4; lastKnownFileType = sourcecode.c.h; path = "CALayer+Aimate.h"; sourceTree = "<group>"; };
		0A5C0D9E2468FABB0018E88F /* FDanmakuView.m */ = {isa = PBXFileReference; fileEncoding = 4; lastKnownFileType = sourcecode.c.objc; path = FDanmakuView.m; sourceTree = "<group>"; };
		0A5C0DA5246932420018E88F /* PrivacyPolicy.pdf */ = {isa = PBXFileReference; lastKnownFileType = image.pdf; path = PrivacyPolicy.pdf; sourceTree = "<group>"; };
		0A5C0DA6246932420018E88F /* TermsOfUse.pdf */ = {isa = PBXFileReference; lastKnownFileType = image.pdf; path = TermsOfUse.pdf; sourceTree = "<group>"; };
		0A5C0DA924693D6B0018E88F /* community_test.json */ = {isa = PBXFileReference; fileEncoding = 4; lastKnownFileType = text.json; path = community_test.json; sourceTree = "<group>"; };
		0A5C0DAB2469414C0018E88F /* EVONetworkURLPathManager.h */ = {isa = PBXFileReference; lastKnownFileType = sourcecode.c.h; path = EVONetworkURLPathManager.h; sourceTree = "<group>"; };
		0A5C0DAC2469414C0018E88F /* EVONetworkURLPathManager.m */ = {isa = PBXFileReference; lastKnownFileType = sourcecode.c.objc; path = EVONetworkURLPathManager.m; sourceTree = "<group>"; };
		0A5C0DC3246A4F840018E88F /* leadRule.pdf */ = {isa = PBXFileReference; lastKnownFileType = image.pdf; path = leadRule.pdf; sourceTree = "<group>"; };
		0A9ADE392491CA5D0001CFBF /* EVOBlackListManager.h */ = {isa = PBXFileReference; lastKnownFileType = sourcecode.c.h; path = EVOBlackListManager.h; sourceTree = "<group>"; };
		0A9ADE3A2491CA5D0001CFBF /* EVOBlackListManager.m */ = {isa = PBXFileReference; lastKnownFileType = sourcecode.c.objc; path = EVOBlackListManager.m; sourceTree = "<group>"; };
		0A9ADE3D2491CCCC0001CFBF /* EVOBlackListViewController.h */ = {isa = PBXFileReference; lastKnownFileType = sourcecode.c.h; path = EVOBlackListViewController.h; sourceTree = "<group>"; };
		0A9ADE3E2491CCCC0001CFBF /* EVOBlackListViewController.m */ = {isa = PBXFileReference; lastKnownFileType = sourcecode.c.objc; path = EVOBlackListViewController.m; sourceTree = "<group>"; };
		0A9ADE3F2491CCCC0001CFBF /* EVOBlackListViewController.xib */ = {isa = PBXFileReference; lastKnownFileType = file.xib; path = EVOBlackListViewController.xib; sourceTree = "<group>"; };
		0A9ADE442491CFD80001CFBF /* EVOBlackListCellView.h */ = {isa = PBXFileReference; lastKnownFileType = sourcecode.c.h; path = EVOBlackListCellView.h; sourceTree = "<group>"; };
		0A9ADE452491CFD80001CFBF /* EVOBlackListCellView.m */ = {isa = PBXFileReference; lastKnownFileType = sourcecode.c.objc; path = EVOBlackListCellView.m; sourceTree = "<group>"; };
		0A9ADE462491CFD80001CFBF /* EVOBlackListCellView.xib */ = {isa = PBXFileReference; lastKnownFileType = file.xib; path = EVOBlackListCellView.xib; sourceTree = "<group>"; };
		0ACD6DA72463A50E006C65FA /* 地球社区.app */ = {isa = PBXFileReference; explicitFileType = wrapper.application; includeInIndex = 0; path = "地球社区.app"; sourceTree = BUILT_PRODUCTS_DIR; };
		0ACD6DAA2463A50E006C65FA /* AppDelegate.h */ = {isa = PBXFileReference; lastKnownFileType = sourcecode.c.h; path = AppDelegate.h; sourceTree = "<group>"; };
		0ACD6DAB2463A50E006C65FA /* AppDelegate.m */ = {isa = PBXFileReference; lastKnownFileType = sourcecode.c.objc; path = AppDelegate.m; sourceTree = "<group>"; };
		0ACD6DB62463A50E006C65FA /* Assets.xcassets */ = {isa = PBXFileReference; lastKnownFileType = folder.assetcatalog; path = Assets.xcassets; sourceTree = "<group>"; };
		0ACD6DB92463A50E006C65FA /* Base */ = {isa = PBXFileReference; lastKnownFileType = file.storyboard; name = Base; path = Base.lproj/LaunchScreen.storyboard; sourceTree = "<group>"; };
		0ACD6DBB2463A50E006C65FA /* Info.plist */ = {isa = PBXFileReference; lastKnownFileType = text.plist.xml; path = Info.plist; sourceTree = "<group>"; };
		0ACD6DBC2463A50E006C65FA /* main.m */ = {isa = PBXFileReference; lastKnownFileType = sourcecode.c.objc; path = main.m; sourceTree = "<group>"; };
		0ACD6DC32463A5D3006C65FA /* GlobeScene.h */ = {isa = PBXFileReference; fileEncoding = 4; lastKnownFileType = sourcecode.c.h; path = GlobeScene.h; sourceTree = "<group>"; };
		0ACD6DC42463A5D3006C65FA /* GlobeScene.m */ = {isa = PBXFileReference; fileEncoding = 4; lastKnownFileType = sourcecode.c.objc; path = GlobeScene.m; sourceTree = "<group>"; };
		0ACD6DC62463A6A7006C65FA /* PrefixHeader.pch */ = {isa = PBXFileReference; fileEncoding = 4; lastKnownFileType = sourcecode.c.h; path = PrefixHeader.pch; sourceTree = "<group>"; };
		0ACD6DCC2463ACAE006C65FA /* EVOTabBarViewController.h */ = {isa = PBXFileReference; lastKnownFileType = sourcecode.c.h; path = EVOTabBarViewController.h; sourceTree = "<group>"; };
		0ACD6DCD2463ACAE006C65FA /* EVOTabBarViewController.m */ = {isa = PBXFileReference; lastKnownFileType = sourcecode.c.objc; path = EVOTabBarViewController.m; sourceTree = "<group>"; };
		0ACD6DD02463AEFD006C65FA /* UIImage+Category.h */ = {isa = PBXFileReference; fileEncoding = 4; lastKnownFileType = sourcecode.c.h; path = "UIImage+Category.h"; sourceTree = "<group>"; };
		0ACD6DD12463AEFD006C65FA /* UIImage+Category.m */ = {isa = PBXFileReference; fileEncoding = 4; lastKnownFileType = sourcecode.c.objc; path = "UIImage+Category.m"; sourceTree = "<group>"; };
		0ACD6DD42463B095006C65FA /* EVONavigationController.h */ = {isa = PBXFileReference; lastKnownFileType = sourcecode.c.h; path = EVONavigationController.h; sourceTree = "<group>"; };
		0ACD6DD52463B095006C65FA /* EVONavigationController.m */ = {isa = PBXFileReference; lastKnownFileType = sourcecode.c.objc; path = EVONavigationController.m; sourceTree = "<group>"; };
		0ACD6DD72463B26C006C65FA /* EVOHomeViewController.h */ = {isa = PBXFileReference; lastKnownFileType = sourcecode.c.h; path = EVOHomeViewController.h; sourceTree = "<group>"; };
		0ACD6DD82463B26C006C65FA /* EVOHomeViewController.m */ = {isa = PBXFileReference; lastKnownFileType = sourcecode.c.objc; path = EVOHomeViewController.m; sourceTree = "<group>"; };
		0ACD6DD92463B26C006C65FA /* EVOHomeViewController.xib */ = {isa = PBXFileReference; lastKnownFileType = file.xib; path = EVOHomeViewController.xib; sourceTree = "<group>"; };
		0ACD6DDC2463B6B1006C65FA /* EVOHomeNewsListView.h */ = {isa = PBXFileReference; lastKnownFileType = sourcecode.c.h; path = EVOHomeNewsListView.h; sourceTree = "<group>"; };
		0ACD6DDD2463B6B1006C65FA /* EVOHomeNewsListView.m */ = {isa = PBXFileReference; lastKnownFileType = sourcecode.c.objc; path = EVOHomeNewsListView.m; sourceTree = "<group>"; };
		0ACD6DE22463B8E5006C65FA /* EVOHomeNewsCollectionViewCell.h */ = {isa = PBXFileReference; lastKnownFileType = sourcecode.c.h; path = EVOHomeNewsCollectionViewCell.h; sourceTree = "<group>"; };
		0ACD6DE32463B8E5006C65FA /* EVOHomeNewsCollectionViewCell.m */ = {isa = PBXFileReference; lastKnownFileType = sourcecode.c.objc; path = EVOHomeNewsCollectionViewCell.m; sourceTree = "<group>"; };
		0ACD6DE42463B8E5006C65FA /* EVOHomeNewsCollectionViewCell.xib */ = {isa = PBXFileReference; lastKnownFileType = file.xib; path = EVOHomeNewsCollectionViewCell.xib; sourceTree = "<group>"; };
		0ACD6DE92463D74D006C65FA /* EVOMyCenterViewController.h */ = {isa = PBXFileReference; lastKnownFileType = sourcecode.c.h; path = EVOMyCenterViewController.h; sourceTree = "<group>"; };
		0ACD6DEA2463D74D006C65FA /* EVOMyCenterViewController.m */ = {isa = PBXFileReference; lastKnownFileType = sourcecode.c.objc; path = EVOMyCenterViewController.m; sourceTree = "<group>"; };
		0ACD6DEC2463D75F006C65FA /* EVOCommunityViewController.h */ = {isa = PBXFileReference; lastKnownFileType = sourcecode.c.h; path = EVOCommunityViewController.h; sourceTree = "<group>"; };
		0ACD6DED2463D75F006C65FA /* EVOCommunityViewController.m */ = {isa = PBXFileReference; lastKnownFileType = sourcecode.c.objc; path = EVOCommunityViewController.m; sourceTree = "<group>"; };
		0ACD6DF12463D9E7006C65FA /* UIColor+Hex.m */ = {isa = PBXFileReference; fileEncoding = 4; lastKnownFileType = sourcecode.c.objc; path = "UIColor+Hex.m"; sourceTree = "<group>"; };
		0ACD6DF22463D9E7006C65FA /* UIColor+Hex.h */ = {isa = PBXFileReference; fileEncoding = 4; lastKnownFileType = sourcecode.c.h; path = "UIColor+Hex.h"; sourceTree = "<group>"; };
		0ACD6DF72463DE98006C65FA /* EVONetworkEngineManager.h */ = {isa = PBXFileReference; lastKnownFileType = sourcecode.c.h; path = EVONetworkEngineManager.h; sourceTree = "<group>"; };
		0ACD6DF82463DE98006C65FA /* EVONetworkEngineManager.m */ = {isa = PBXFileReference; lastKnownFileType = sourcecode.c.objc; path = EVONetworkEngineManager.m; sourceTree = "<group>"; };
		0ACD6DFA2463E6B3006C65FA /* EVOMapDetailViewController.h */ = {isa = PBXFileReference; lastKnownFileType = sourcecode.c.h; path = EVOMapDetailViewController.h; sourceTree = "<group>"; };
		0ACD6DFB2463E6B3006C65FA /* EVOMapDetailViewController.m */ = {isa = PBXFileReference; lastKnownFileType = sourcecode.c.objc; path = EVOMapDetailViewController.m; sourceTree = "<group>"; };
		0ACD6E012463F217006C65FA /* EVODynamicsViewController.h */ = {isa = PBXFileReference; lastKnownFileType = sourcecode.c.h; path = EVODynamicsViewController.h; sourceTree = "<group>"; };
		0ACD6E022463F217006C65FA /* EVODynamicsViewController.m */ = {isa = PBXFileReference; lastKnownFileType = sourcecode.c.objc; path = EVODynamicsViewController.m; sourceTree = "<group>"; };
		0ACD6E042463F221006C65FA /* EVOMessageViewController.h */ = {isa = PBXFileReference; lastKnownFileType = sourcecode.c.h; path = EVOMessageViewController.h; sourceTree = "<group>"; };
		0ACD6E052463F221006C65FA /* EVOMessageViewController.m */ = {isa = PBXFileReference; lastKnownFileType = sourcecode.c.objc; path = EVOMessageViewController.m; sourceTree = "<group>"; };
		0ACD6E0B24640216006C65FA /* EVOCommunityViewCell.h */ = {isa = PBXFileReference; lastKnownFileType = sourcecode.c.h; path = EVOCommunityViewCell.h; sourceTree = "<group>"; };
		0ACD6E0C24640216006C65FA /* EVOCommunityViewCell.m */ = {isa = PBXFileReference; lastKnownFileType = sourcecode.c.objc; path = EVOCommunityViewCell.m; sourceTree = "<group>"; };
		0ACD6E0D24640216006C65FA /* EVOCommunityViewCell.xib */ = {isa = PBXFileReference; lastKnownFileType = file.xib; path = EVOCommunityViewCell.xib; sourceTree = "<group>"; };
		0ACD6E10246413E0006C65FA /* UIView+Gesture.m */ = {isa = PBXFileReference; fileEncoding = 4; lastKnownFileType = sourcecode.c.objc; path = "UIView+Gesture.m"; sourceTree = "<group>"; };
		0ACD6E11246413E0006C65FA /* UIView+Gesture.h */ = {isa = PBXFileReference; fileEncoding = 4; lastKnownFileType = sourcecode.c.h; path = "UIView+Gesture.h"; sourceTree = "<group>"; };
		0ACD6E1424641729006C65FA /* EVOMyCenterTopView.h */ = {isa = PBXFileReference; lastKnownFileType = sourcecode.c.h; path = EVOMyCenterTopView.h; sourceTree = "<group>"; };
		0ACD6E1524641729006C65FA /* EVOMyCenterTopView.m */ = {isa = PBXFileReference; lastKnownFileType = sourcecode.c.objc; path = EVOMyCenterTopView.m; sourceTree = "<group>"; };
		0ACD6E17246417FD006C65FA /* EVOMyCenterCustomView.h */ = {isa = PBXFileReference; lastKnownFileType = sourcecode.c.h; path = EVOMyCenterCustomView.h; sourceTree = "<group>"; };
		0ACD6E18246417FD006C65FA /* EVOMyCenterCustomView.m */ = {isa = PBXFileReference; lastKnownFileType = sourcecode.c.objc; path = EVOMyCenterCustomView.m; sourceTree = "<group>"; };
		0ACD6E1A2464F2E3006C65FA /* EVOMyCenterPhotoCollectionView.h */ = {isa = PBXFileReference; lastKnownFileType = sourcecode.c.h; path = EVOMyCenterPhotoCollectionView.h; sourceTree = "<group>"; };
		0ACD6E1B2464F2E3006C65FA /* EVOMyCenterPhotoCollectionView.m */ = {isa = PBXFileReference; lastKnownFileType = sourcecode.c.objc; path = EVOMyCenterPhotoCollectionView.m; sourceTree = "<group>"; };
		0ACD6E1D2464F4BD006C65FA /* EVOMyCenterPhotoViewCell.h */ = {isa = PBXFileReference; lastKnownFileType = sourcecode.c.h; path = EVOMyCenterPhotoViewCell.h; sourceTree = "<group>"; };
		0ACD6E1E2464F4BD006C65FA /* EVOMyCenterPhotoViewCell.m */ = {isa = PBXFileReference; lastKnownFileType = sourcecode.c.objc; path = EVOMyCenterPhotoViewCell.m; sourceTree = "<group>"; };
		0ACD6E1F2464F4BD006C65FA /* EVOMyCenterPhotoViewCell.xib */ = {isa = PBXFileReference; lastKnownFileType = file.xib; path = EVOMyCenterPhotoViewCell.xib; sourceTree = "<group>"; };
		0ACD6E2324650082006C65FA /* EVOUserCommunityDataObj.h */ = {isa = PBXFileReference; lastKnownFileType = sourcecode.c.h; path = EVOUserCommunityDataObj.h; sourceTree = "<group>"; };
		0ACD6E2424650082006C65FA /* EVOUserCommunityDataObj.m */ = {isa = PBXFileReference; lastKnownFileType = sourcecode.c.objc; path = EVOUserCommunityDataObj.m; sourceTree = "<group>"; };
		0ACD6E262465041D006C65FA /* test.json */ = {isa = PBXFileReference; fileEncoding = 4; lastKnownFileType = text.json; path = test.json; sourceTree = "<group>"; };
		0ACD6E2D24650F6E006C65FA /* EVOCommunityDataManager.h */ = {isa = PBXFileReference; lastKnownFileType = sourcecode.c.h; path = EVOCommunityDataManager.h; sourceTree = "<group>"; };
		0ACD6E2E24650F6E006C65FA /* EVOCommunityDataManager.m */ = {isa = PBXFileReference; lastKnownFileType = sourcecode.c.objc; path = EVOCommunityDataManager.m; sourceTree = "<group>"; };
		0ACD6E31246527EA006C65FA /* EVOUserDataManager.h */ = {isa = PBXFileReference; lastKnownFileType = sourcecode.c.h; path = EVOUserDataManager.h; sourceTree = "<group>"; };
		0ACD6E32246527EA006C65FA /* EVOUserDataManager.m */ = {isa = PBXFileReference; lastKnownFileType = sourcecode.c.objc; path = EVOUserDataManager.m; sourceTree = "<group>"; };
		0ACD6E3524653064006C65FA /* EVOAppEnterViewController.h */ = {isa = PBXFileReference; lastKnownFileType = sourcecode.c.h; path = EVOAppEnterViewController.h; sourceTree = "<group>"; };
		0ACD6E3624653064006C65FA /* EVOAppEnterViewController.m */ = {isa = PBXFileReference; lastKnownFileType = sourcecode.c.objc; path = EVOAppEnterViewController.m; sourceTree = "<group>"; };
		0ACD6E3724653064006C65FA /* EVOAppEnterViewController.xib */ = {isa = PBXFileReference; lastKnownFileType = file.xib; path = EVOAppEnterViewController.xib; sourceTree = "<group>"; };
		0ACD6E3A24653386006C65FA /* EVOConstCommentHeader.h */ = {isa = PBXFileReference; lastKnownFileType = sourcecode.c.h; path = EVOConstCommentHeader.h; sourceTree = "<group>"; };
		0ACD6E3E24653C66006C65FA /* EVOUserInfoEditeViewController.h */ = {isa = PBXFileReference; lastKnownFileType = sourcecode.c.h; path = EVOUserInfoEditeViewController.h; sourceTree = "<group>"; };
		0ACD6E3F24653C66006C65FA /* EVOUserInfoEditeViewController.m */ = {isa = PBXFileReference; lastKnownFileType = sourcecode.c.objc; path = EVOUserInfoEditeViewController.m; sourceTree = "<group>"; };
		0ACD6E4024653C66006C65FA /* EVOUserInfoEditeViewController.xib */ = {isa = PBXFileReference; lastKnownFileType = file.xib; path = EVOUserInfoEditeViewController.xib; sourceTree = "<group>"; };
		0AF3223E249227D5008103E3 /* libOpenInstallSDK.a */ = {isa = PBXFileReference; lastKnownFileType = archive.ar; path = libOpenInstallSDK.a; sourceTree = "<group>"; };
		0AF3223F249227D5008103E3 /* OpeninstallData.h */ = {isa = PBXFileReference; fileEncoding = 4; lastKnownFileType = sourcecode.c.h; path = OpeninstallData.h; sourceTree = "<group>"; };
		0AF32240249227D5008103E3 /* OpenInstallSDK.h */ = {isa = PBXFileReference; fileEncoding = 4; lastKnownFileType = sourcecode.c.h; path = OpenInstallSDK.h; sourceTree = "<group>"; };
		80692613D39F8817B75A928F /* Pods_EarthNews.framework */ = {isa = PBXFileReference; explicitFileType = wrapper.framework; includeInIndex = 0; path = Pods_EarthNews.framework; sourceTree = BUILT_PRODUCTS_DIR; };
		8C227E15C40890433819469B /* Pods-EarthNews.debug.xcconfig */ = {isa = PBXFileReference; includeInIndex = 1; lastKnownFileType = text.xcconfig; name = "Pods-EarthNews.debug.xcconfig"; path = "Target Support Files/Pods-EarthNews/Pods-EarthNews.debug.xcconfig"; sourceTree = "<group>"; };
/* End PBXFileReference section */

/* Begin PBXFrameworksBuildPhase section */
		0ACD6DA42463A50E006C65FA /* Frameworks */ = {
			isa = PBXFrameworksBuildPhase;
			buildActionMask = 2147483647;
			files = (
				0AF32241249227D5008103E3 /* libOpenInstallSDK.a in Frameworks */,
				D6555C332DEB0C720E24951F /* Pods_EarthNews.framework in Frameworks */,
			);
			runOnlyForDeploymentPostprocessing = 0;
		};
/* End PBXFrameworksBuildPhase section */

/* Begin PBXGroup section */
		0A4EC57C5B1E6757EC57A834 /* Frameworks */ = {
			isa = PBXGroup;
			children = (
				80692613D39F8817B75A928F /* Pods_EarthNews.framework */,
			);
			name = Frameworks;
			sourceTree = "<group>";
		};
		0A5C0CBB246548D70018E88F /* Normal Tool */ = {
			isa = PBXGroup;
			children = (
				0A5C0CBC2465493C0018E88F /* EVONormalToolManager.h */,
				0A5C0CBD2465493C0018E88F /* EVONormalToolManager.m */,
			);
			path = "Normal Tool";
			sourceTree = "<group>";
		};
		0A5C0CC2246558A30018E88F /* Third */ = {
			isa = PBXGroup;
			children = (
				0AF3223D249227D5008103E3 /* OpenInstallSDK2.3.0 */,
				0A5C0D992468FABB0018E88F /* DanmakuView */,
				0A5C0D632468FA5F0018E88F /* SDCycleScrollView */,
				0A5C0D3F2468FA570018E88F /* XLPhotoBrowser */,
				0A5C0CC3246558E50018E88F /* SPDateTimePickerView */,
			);
			path = Third;
			sourceTree = "<group>";
		};
		0A5C0CC3246558E50018E88F /* SPDateTimePickerView */ = {
			isa = PBXGroup;
			children = (
				0A5C0CC4246558E50018E88F /* SPDateTimePickerView.m */,
				0A5C0CC5246558E50018E88F /* SPDateTimePickerView.h */,
			);
			path = SPDateTimePickerView;
			sourceTree = "<group>";
		};
		0A5C0CCD246566220018E88F /* Setting */ = {
			isa = PBXGroup;
			children = (
				0A5C0CCE2465664F0018E88F /* EVOSettingViewController.h */,
				0A5C0CCF2465664F0018E88F /* EVOSettingViewController.m */,
				0A5C0CD02465664F0018E88F /* EVOSettingViewController.xib */,
			);
			path = Setting;
			sourceTree = "<group>";
		};
		0A5C0CE1246667BF0018E88F /* SubmitCommunity */ = {
			isa = PBXGroup;
			children = (
				0A5C0CE2246667BF0018E88F /* VC */,
				0A5C0CE6246667BF0018E88F /* View */,
			);
			path = SubmitCommunity;
			sourceTree = "<group>";
		};
		0A5C0CE2246667BF0018E88F /* VC */ = {
			isa = PBXGroup;
			children = (
				0A5C0CE5246667BF0018E88F /* EVOSubmitCommunityController.h */,
				0A5C0CE4246667BF0018E88F /* EVOSubmitCommunityController.m */,
				0A5C0CE3246667BF0018E88F /* EVOSubmitCommunityController.xib */,
			);
			path = VC;
			sourceTree = "<group>";
		};
		0A5C0CE6246667BF0018E88F /* View */ = {
			isa = PBXGroup;
			children = (
				0A5C0CE7246667BF0018E88F /* EVOSubmitCustomBtn.m */,
				0A5C0CE8246667BF0018E88F /* EVOSubmitCustomBtn.h */,
			);
			path = View;
			sourceTree = "<group>";
		};
		0A5C0CEF246696A20018E88F /* ConnectUs */ = {
			isa = PBXGroup;
			children = (
				0A5C0CF0246696C00018E88F /* EVOConnectUsViewController.h */,
				0A5C0CF1246696C00018E88F /* EVOConnectUsViewController.m */,
				0A5C0CF2246696C00018E88F /* EVOConnectUsViewController.xib */,
			);
			path = ConnectUs;
			sourceTree = "<group>";
		};
		0A5C0D3F2468FA570018E88F /* XLPhotoBrowser */ = {
			isa = PBXGroup;
			children = (
				0A5C0D402468FA570018E88F /* UIImage+XLExtension.h */,
				0A5C0D4A2468FA570018E88F /* UIView+XLExtension.h */,
				0A5C0D452468FA570018E88F /* XLPhotoBrowser.h */,
				0A5C0D412468FA570018E88F /* XLPhotoBrowserConfig.h */,
				0A5C0D462468FA570018E88F /* XLProgressView.h */,
				0A5C0D432468FA570018E88F /* XLZoomingScrollView.h */,
				0A5C0D472468FA570018E88F /* UIImage+XLExtension.m */,
				0A5C0D442468FA570018E88F /* UIView+XLExtension.m */,
				0A5C0D492468FA570018E88F /* XLPhotoBrowser.m */,
				0A5C0D422468FA570018E88F /* XLProgressView.m */,
				0A5C0D482468FA570018E88F /* XLZoomingScrollView.m */,
				0A5C0D4B2468FA570018E88F /* Vender */,
			);
			path = XLPhotoBrowser;
			sourceTree = "<group>";
		};
		0A5C0D4B2468FA570018E88F /* Vender */ = {
			isa = PBXGroup;
			children = (
				0A5C0D4C2468FA570018E88F /* FSActionSheet */,
			);
			path = Vender;
			sourceTree = "<group>";
		};
		0A5C0D4C2468FA570018E88F /* FSActionSheet */ = {
			isa = PBXGroup;
			children = (
				0A5C0D4D2468FA570018E88F /* FSActionSheetItem.h */,
				0A5C0D4E2468FA570018E88F /* FSActionSheetCell.h */,
				0A5C0D4F2468FA570018E88F /* FSActionSheetResources */,
				0A5C0D522468FA570018E88F /* FSActionSheetConfig.m */,
				0A5C0D532468FA570018E88F /* FSActionSheet.m */,
				0A5C0D542468FA570018E88F /* FSActionSheetCell.m */,
				0A5C0D552468FA570018E88F /* FSActionSheetItem.m */,
				0A5C0D562468FA570018E88F /* FSActionSheetConfig.h */,
				0A5C0D572468FA570018E88F /* FSActionSheet.h */,
			);
			path = FSActionSheet;
			sourceTree = "<group>";
		};
		0A5C0D4F2468FA570018E88F /* FSActionSheetResources */ = {
			isa = PBXGroup;
			children = (
				0A5C0D502468FA570018E88F /* FSActionSheet_cancel@3x.png */,
				0A5C0D512468FA570018E88F /* FSActionSheet_cancel@2x.png */,
			);
			path = FSActionSheetResources;
			sourceTree = "<group>";
		};
		0A5C0D632468FA5F0018E88F /* SDCycleScrollView */ = {
			isa = PBXGroup;
			children = (
				0A5C0D642468FA5F0018E88F /* LICENSE */,
				0A5C0D652468FA5F0018E88F /* README.md */,
				0A5C0D662468FA5F0018E88F /* SDCycleScrollView */,
			);
			path = SDCycleScrollView;
			sourceTree = "<group>";
		};
		0A5C0D662468FA5F0018E88F /* SDCycleScrollView */ = {
			isa = PBXGroup;
			children = (
				0A5C0D672468FA5F0018E88F /* Lib */,
			);
			path = SDCycleScrollView;
			sourceTree = "<group>";
		};
		0A5C0D672468FA5F0018E88F /* Lib */ = {
			isa = PBXGroup;
			children = (
				0A5C0D682468FA5F0018E88F /* SDCycleScrollView */,
			);
			path = Lib;
			sourceTree = "<group>";
		};
		0A5C0D682468FA5F0018E88F /* SDCycleScrollView */ = {
			isa = PBXGroup;
			children = (
				0A5C0D692468FA5F0018E88F /* UIView+SDExtension.h */,
				0A5C0D6A2468FA5F0018E88F /* SDCycleScrollView.h */,
				0A5C0D6B2468FA5F0018E88F /* SDCollectionViewCell.h */,
				0A5C0D6C2468FA5F0018E88F /* SDCycleScrollView.m */,
				0A5C0D6D2468FA5F0018E88F /* UIView+SDExtension.m */,
				0A5C0D6E2468FA5F0018E88F /* SDCollectionViewCell.m */,
				0A5C0D6F2468FA5F0018E88F /* PageControl */,
			);
			path = SDCycleScrollView;
			sourceTree = "<group>";
		};
		0A5C0D6F2468FA5F0018E88F /* PageControl */ = {
			isa = PBXGroup;
			children = (
				0A5C0D702468FA5F0018E88F /* TAAbstractDotView.h */,
				0A5C0D712468FA5F0018E88F /* TADotView.m */,
				0A5C0D722468FA5F0018E88F /* TAPageControl.m */,
				0A5C0D732468FA5F0018E88F /* TAAnimatedDotView.m */,
				0A5C0D742468FA5F0018E88F /* TAAbstractDotView.m */,
				0A5C0D752468FA5F0018E88F /* TADotView.h */,
				0A5C0D762468FA5F0018E88F /* TAAnimatedDotView.h */,
				0A5C0D772468FA5F0018E88F /* TAPageControl.h */,
			);
			path = PageControl;
			sourceTree = "<group>";
		};
		0A5C0D812468FA760018E88F /* MapManager */ = {
			isa = PBXGroup;
			children = (
				0A5C0D822468FA820018E88F /* EVOLocation.h */,
				0A5C0D832468FA880018E88F /* EVOLocation.m */,
			);
			path = MapManager;
			sourceTree = "<group>";
		};
		0A5C0D862468FA980018E88F /* VC */ = {
			isa = PBXGroup;
			children = (
				0A5C0D892468FA980018E88F /* EVODynamicDetailsVC.h */,
				0A5C0D8E2468FA980018E88F /* EVODynamicDetailsVC.m */,
			);
			path = VC;
			sourceTree = "<group>";
		};
		0A5C0D992468FABB0018E88F /* DanmakuView */ = {
			isa = PBXGroup;
			children = (
				0A5C0D9D2468FABB0018E88F /* CALayer+Aimate.h */,
				0A5C0D9A2468FABB0018E88F /* CALayer+Aimate.m */,
				0A5C0D9B2468FABB0018E88F /* FDanmakuModelProtocol.h */,
				0A5C0D9C2468FABB0018E88F /* FDanmakuView.h */,
				0A5C0D9E2468FABB0018E88F /* FDanmakuView.m */,
			);
			path = DanmakuView;
			sourceTree = "<group>";
		};
		0A5C0DA12469213D0018E88F /* View */ = {
			isa = PBXGroup;
			children = (
				0A5C0D872468FA980018E88F /* EVOBulletChatView.h */,
				0A5C0D8D2468FA980018E88F /* EVOBulletChatView.m */,
				0A5C0D882468FA980018E88F /* EVODynamicInfoView.h */,
				0A5C0D8F2468FA980018E88F /* EVODynamicInfoView.m */,
				0A5C0D8A2468FA980018E88F /* EVOInputCommentView.h */,
				0A5C0D902468FA980018E88F /* EVOInputCommentView.m */,
			);
			path = View;
			sourceTree = "<group>";
		};
		0A5C0DA2246921450018E88F /* Model */ = {
			isa = PBXGroup;
			children = (
				0A5C0D8C2468FA980018E88F /* EVOAnnotation.h */,
				0A5C0D912468FA980018E88F /* EVOAnnotation.m */,
				0A5C0D922468FA980018E88F /* EVOBullevchatModel.h */,
				0A5C0D8B2468FA980018E88F /* EVOBullevchatModel.m */,
			);
			path = Model;
			sourceTree = "<group>";
		};
		0A9ADE382491CA3D0001CFBF /* Black List */ = {
			isa = PBXGroup;
			children = (
				0A9ADE392491CA5D0001CFBF /* EVOBlackListManager.h */,
				0A9ADE3A2491CA5D0001CFBF /* EVOBlackListManager.m */,
			);
			path = "Black List";
			sourceTree = "<group>";
		};
		0A9ADE3C2491CCAC0001CFBF /* Black List */ = {
			isa = PBXGroup;
			children = (
				0A9ADE3D2491CCCC0001CFBF /* EVOBlackListViewController.h */,
				0A9ADE3E2491CCCC0001CFBF /* EVOBlackListViewController.m */,
				0A9ADE3F2491CCCC0001CFBF /* EVOBlackListViewController.xib */,
				0A9ADE432491CFB70001CFBF /* View */,
			);
			path = "Black List";
			sourceTree = "<group>";
		};
		0A9ADE432491CFB70001CFBF /* View */ = {
			isa = PBXGroup;
			children = (
				0A9ADE442491CFD80001CFBF /* EVOBlackListCellView.h */,
				0A9ADE452491CFD80001CFBF /* EVOBlackListCellView.m */,
				0A9ADE462491CFD80001CFBF /* EVOBlackListCellView.xib */,
			);
			path = View;
			sourceTree = "<group>";
		};
		0ACD6D9E2463A50E006C65FA = {
			isa = PBXGroup;
			children = (
				0ACD6DA92463A50E006C65FA /* EarthNews */,
				0ACD6DA82463A50E006C65FA /* Products */,
				8F3FE6222781C8434A1D3104 /* Pods */,
				0A4EC57C5B1E6757EC57A834 /* Frameworks */,
			);
			sourceTree = "<group>";
		};
		0ACD6DA82463A50E006C65FA /* Products */ = {
			isa = PBXGroup;
			children = (
				0ACD6DA72463A50E006C65FA /* 地球社区.app */,
			);
			name = Products;
			sourceTree = "<group>";
		};
		0ACD6DA92463A50E006C65FA /* EarthNews */ = {
			isa = PBXGroup;
			children = (
				0ACD6DAA2463A50E006C65FA /* AppDelegate.h */,
				0ACD6DAB2463A50E006C65FA /* AppDelegate.m */,
				0A5C0CC2246558A30018E88F /* Third */,
				0ACD6E3424653039006C65FA /* Login */,
				0ACD6DF42463DE5A006C65FA /* Tool */,
				0ACD6DCF2463AEB7006C65FA /* Category */,
				0ACD6DC82463AC5A006C65FA /* Controller */,
				0ACD6DC72463AC50006C65FA /* TabBar */,
				0ACD6DD32463B04B006C65FA /* NavigationBar */,
				0ACD6DB62463A50E006C65FA /* Assets.xcassets */,
				0ACD6DB82463A50E006C65FA /* LaunchScreen.storyboard */,
				0ACD6DBB2463A50E006C65FA /* Info.plist */,
				0ACD6DBC2463A50E006C65FA /* main.m */,
			);
			path = EarthNews;
			sourceTree = "<group>";
		};
		0ACD6DC72463AC50006C65FA /* TabBar */ = {
			isa = PBXGroup;
			children = (
				0ACD6DCC2463ACAE006C65FA /* EVOTabBarViewController.h */,
				0ACD6DCD2463ACAE006C65FA /* EVOTabBarViewController.m */,
			);
			path = TabBar;
			sourceTree = "<group>";
		};
		0ACD6DC82463AC5A006C65FA /* Controller */ = {
			isa = PBXGroup;
			children = (
				0A9ADE3C2491CCAC0001CFBF /* Black List */,
				0A5C0CEF246696A20018E88F /* ConnectUs */,
				0A5C0CE1246667BF0018E88F /* SubmitCommunity */,
				E38C25EF246647F800E6C70C /* DynamicDetails */,
				0A5C0CCD246566220018E88F /* Setting */,
				0ACD6DFE2463F1E2006C65FA /* Dynamics */,
				0ACD6DFD2463F1D9006C65FA /* Message */,
				0ACD6DE82463D719006C65FA /* MyCenter */,
				0ACD6DE72463D713006C65FA /* Community */,
				0ACD6DC92463AC63006C65FA /* Home */,
			);
			path = Controller;
			sourceTree = "<group>";
		};
		0ACD6DC92463AC63006C65FA /* Home */ = {
			isa = PBXGroup;
			children = (
				0ACD6DCB2463AC7F006C65FA /* VC */,
				0ACD6DCA2463AC6D006C65FA /* View */,
			);
			path = Home;
			sourceTree = "<group>";
		};
		0ACD6DCA2463AC6D006C65FA /* View */ = {
			isa = PBXGroup;
			children = (
				0ACD6DC32463A5D3006C65FA /* GlobeScene.h */,
				0ACD6DC42463A5D3006C65FA /* GlobeScene.m */,
				0ACD6DDC2463B6B1006C65FA /* EVOHomeNewsListView.h */,
				0ACD6DDD2463B6B1006C65FA /* EVOHomeNewsListView.m */,
				0ACD6DE22463B8E5006C65FA /* EVOHomeNewsCollectionViewCell.h */,
				0ACD6DE32463B8E5006C65FA /* EVOHomeNewsCollectionViewCell.m */,
				0ACD6DE42463B8E5006C65FA /* EVOHomeNewsCollectionViewCell.xib */,
			);
			path = View;
			sourceTree = "<group>";
		};
		0ACD6DCB2463AC7F006C65FA /* VC */ = {
			isa = PBXGroup;
			children = (
				0ACD6DD72463B26C006C65FA /* EVOHomeViewController.h */,
				0ACD6DD82463B26C006C65FA /* EVOHomeViewController.m */,
				0ACD6DD92463B26C006C65FA /* EVOHomeViewController.xib */,
				0ACD6DFA2463E6B3006C65FA /* EVOMapDetailViewController.h */,
				0ACD6DFB2463E6B3006C65FA /* EVOMapDetailViewController.m */,
			);
			path = VC;
			sourceTree = "<group>";
		};
		0ACD6DCF2463AEB7006C65FA /* Category */ = {
			isa = PBXGroup;
			children = (
				0A5C0CEC246667D60018E88F /* UITextView+YLTextView.h */,
				0A5C0CED246667D60018E88F /* UITextView+YLTextView.m */,
				0ACD6E11246413E0006C65FA /* UIView+Gesture.h */,
				0ACD6E10246413E0006C65FA /* UIView+Gesture.m */,
				0ACD6DF22463D9E7006C65FA /* UIColor+Hex.h */,
				0ACD6DF12463D9E7006C65FA /* UIColor+Hex.m */,
				0ACD6DD02463AEFD006C65FA /* UIImage+Category.h */,
				0ACD6DD12463AEFD006C65FA /* UIImage+Category.m */,
				0A5C0CBF246552550018E88F /* NSObject+Toast.h */,
				0A5C0CC0246552550018E88F /* NSObject+Toast.m */,
			);
			path = Category;
			sourceTree = "<group>";
		};
		0ACD6DD32463B04B006C65FA /* NavigationBar */ = {
			isa = PBXGroup;
			children = (
				0ACD6DD42463B095006C65FA /* EVONavigationController.h */,
				0ACD6DD52463B095006C65FA /* EVONavigationController.m */,
			);
			path = NavigationBar;
			sourceTree = "<group>";
		};
		0ACD6DE72463D713006C65FA /* Community */ = {
			isa = PBXGroup;
			children = (
				0ACD6E2C24650F51006C65FA /* Manager */,
				0ACD6E0A246401EE006C65FA /* View */,
				0ACD6DEF2463D765006C65FA /* VC */,
			);
			path = Community;
			sourceTree = "<group>";
		};
		0ACD6DE82463D719006C65FA /* MyCenter */ = {
			isa = PBXGroup;
			children = (
				0ACD6E1324641703006C65FA /* View */,
				0ACD6DF02463D76D006C65FA /* VC */,
			);
			path = MyCenter;
			sourceTree = "<group>";
		};
		0ACD6DEF2463D765006C65FA /* VC */ = {
			isa = PBXGroup;
			children = (
				0ACD6DEC2463D75F006C65FA /* EVOCommunityViewController.h */,
				0ACD6DED2463D75F006C65FA /* EVOCommunityViewController.m */,
			);
			path = VC;
			sourceTree = "<group>";
		};
		0ACD6DF02463D76D006C65FA /* VC */ = {
			isa = PBXGroup;
			children = (
				0ACD6DE92463D74D006C65FA /* EVOMyCenterViewController.h */,
				0ACD6DEA2463D74D006C65FA /* EVOMyCenterViewController.m */,
			);
			path = VC;
			sourceTree = "<group>";
		};
		0ACD6DF42463DE5A006C65FA /* Tool */ = {
			isa = PBXGroup;
			children = (
				0A9ADE382491CA3D0001CFBF /* Black List */,
				0A5C0CBB246548D70018E88F /* Normal Tool */,
				0A5C0D812468FA760018E88F /* MapManager */,
				0ACD6E3D2465393F006C65FA /* Comment */,
				0ACD6E3024652781006C65FA /* UserDataManager */,
				0ACD6E222464FFF1006C65FA /* Model */,
				0ACD6DF52463DE60006C65FA /* Network */,
			);
			path = Tool;
			sourceTree = "<group>";
		};
		0ACD6DF52463DE60006C65FA /* Network */ = {
			isa = PBXGroup;
			children = (
				0ACD6DF72463DE98006C65FA /* EVONetworkEngineManager.h */,
				0ACD6DF82463DE98006C65FA /* EVONetworkEngineManager.m */,
				0A5C0DAB2469414C0018E88F /* EVONetworkURLPathManager.h */,
				0A5C0DAC2469414C0018E88F /* EVONetworkURLPathManager.m */,
			);
			path = Network;
			sourceTree = "<group>";
		};
		0ACD6DFD2463F1D9006C65FA /* Message */ = {
			isa = PBXGroup;
			children = (
				0ACD6DFF2463F204006C65FA /* VC */,
			);
			path = Message;
			sourceTree = "<group>";
		};
		0ACD6DFE2463F1E2006C65FA /* Dynamics */ = {
			isa = PBXGroup;
			children = (
				0ACD6E002463F209006C65FA /* VC */,
			);
			path = Dynamics;
			sourceTree = "<group>";
		};
		0ACD6DFF2463F204006C65FA /* VC */ = {
			isa = PBXGroup;
			children = (
				0ACD6E042463F221006C65FA /* EVOMessageViewController.h */,
				0ACD6E052463F221006C65FA /* EVOMessageViewController.m */,
			);
			path = VC;
			sourceTree = "<group>";
		};
		0ACD6E002463F209006C65FA /* VC */ = {
			isa = PBXGroup;
			children = (
				0ACD6E012463F217006C65FA /* EVODynamicsViewController.h */,
				0ACD6E022463F217006C65FA /* EVODynamicsViewController.m */,
			);
			path = VC;
			sourceTree = "<group>";
		};
		0ACD6E0A246401EE006C65FA /* View */ = {
			isa = PBXGroup;
			children = (
				0ACD6E0B24640216006C65FA /* EVOCommunityViewCell.h */,
				0ACD6E0C24640216006C65FA /* EVOCommunityViewCell.m */,
				0ACD6E0D24640216006C65FA /* EVOCommunityViewCell.xib */,
			);
			path = View;
			sourceTree = "<group>";
		};
		0ACD6E1324641703006C65FA /* View */ = {
			isa = PBXGroup;
			children = (
				0ACD6E1424641729006C65FA /* EVOMyCenterTopView.h */,
				0ACD6E1524641729006C65FA /* EVOMyCenterTopView.m */,
				0ACD6E17246417FD006C65FA /* EVOMyCenterCustomView.h */,
				0ACD6E18246417FD006C65FA /* EVOMyCenterCustomView.m */,
				0ACD6E1A2464F2E3006C65FA /* EVOMyCenterPhotoCollectionView.h */,
				0ACD6E1B2464F2E3006C65FA /* EVOMyCenterPhotoCollectionView.m */,
				0ACD6E1D2464F4BD006C65FA /* EVOMyCenterPhotoViewCell.h */,
				0ACD6E1E2464F4BD006C65FA /* EVOMyCenterPhotoViewCell.m */,
				0ACD6E1F2464F4BD006C65FA /* EVOMyCenterPhotoViewCell.xib */,
			);
			path = View;
			sourceTree = "<group>";
		};
		0ACD6E222464FFF1006C65FA /* Model */ = {
			isa = PBXGroup;
			children = (
				0ACD6E2324650082006C65FA /* EVOUserCommunityDataObj.h */,
				0ACD6E2424650082006C65FA /* EVOUserCommunityDataObj.m */,
				0A5C0CC724655D310018E88F /* EVOUserDataObj.h */,
				0A5C0CC824655D310018E88F /* EVOUserDataObj.m */,
			);
			path = Model;
			sourceTree = "<group>";
		};
		0ACD6E2C24650F51006C65FA /* Manager */ = {
			isa = PBXGroup;
			children = (
				0ACD6E2D24650F6E006C65FA /* EVOCommunityDataManager.h */,
				0ACD6E2E24650F6E006C65FA /* EVOCommunityDataManager.m */,
			);
			path = Manager;
			sourceTree = "<group>";
		};
		0ACD6E3024652781006C65FA /* UserDataManager */ = {
			isa = PBXGroup;
			children = (
				0ACD6E31246527EA006C65FA /* EVOUserDataManager.h */,
				0ACD6E32246527EA006C65FA /* EVOUserDataManager.m */,
			);
			path = UserDataManager;
			sourceTree = "<group>";
		};
		0ACD6E3424653039006C65FA /* Login */ = {
			isa = PBXGroup;
			children = (
				0ACD6E3524653064006C65FA /* EVOAppEnterViewController.h */,
				0ACD6E3624653064006C65FA /* EVOAppEnterViewController.m */,
				0ACD6E3724653064006C65FA /* EVOAppEnterViewController.xib */,
				0ACD6E3E24653C66006C65FA /* EVOUserInfoEditeViewController.h */,
				0ACD6E3F24653C66006C65FA /* EVOUserInfoEditeViewController.m */,
				0ACD6E4024653C66006C65FA /* EVOUserInfoEditeViewController.xib */,
				0A5C0CCA246560D20018E88F /* EVOPrivateRuleViewController.h */,
				0A5C0CCB246560D20018E88F /* EVOPrivateRuleViewController.m */,
			);
			path = Login;
			sourceTree = "<group>";
		};
		0ACD6E3D2465393F006C65FA /* Comment */ = {
			isa = PBXGroup;
			children = (
				0A5C0DC3246A4F840018E88F /* leadRule.pdf */,
				0A5C0DA924693D6B0018E88F /* community_test.json */,
				0ACD6E262465041D006C65FA /* test.json */,
				0A5C0DA5246932420018E88F /* PrivacyPolicy.pdf */,
				0A5C0DA6246932420018E88F /* TermsOfUse.pdf */,
				0ACD6E3A24653386006C65FA /* EVOConstCommentHeader.h */,
				0ACD6DC62463A6A7006C65FA /* PrefixHeader.pch */,
			);
			path = Comment;
			sourceTree = "<group>";
		};
		0AF3223D249227D5008103E3 /* OpenInstallSDK2.3.0 */ = {
			isa = PBXGroup;
			children = (
				0AF3223E249227D5008103E3 /* libOpenInstallSDK.a */,
				0AF3223F249227D5008103E3 /* OpeninstallData.h */,
				0AF32240249227D5008103E3 /* OpenInstallSDK.h */,
			);
			path = OpenInstallSDK2.3.0;
			sourceTree = "<group>";
		};
		8F3FE6222781C8434A1D3104 /* Pods */ = {
			isa = PBXGroup;
			children = (
				8C227E15C40890433819469B /* Pods-EarthNews.debug.xcconfig */,
				0A0A8209C00392E4D831AF9D /* Pods-EarthNews.release.xcconfig */,
			);
			path = Pods;
			sourceTree = "<group>";
		};
		E38C25EF246647F800E6C70C /* DynamicDetails */ = {
			isa = PBXGroup;
			children = (
				0A5C0DA2246921450018E88F /* Model */,
				0A5C0DA12469213D0018E88F /* View */,
				0A5C0D862468FA980018E88F /* VC */,
			);
			path = DynamicDetails;
			sourceTree = "<group>";
		};
/* End PBXGroup section */

/* Begin PBXNativeTarget section */
		0ACD6DA62463A50E006C65FA /* EarthNews */ = {
			isa = PBXNativeTarget;
			buildConfigurationList = 0ACD6DC02463A50E006C65FA /* Build configuration list for PBXNativeTarget "EarthNews" */;
			buildPhases = (
				CB7C7C3B520EDD5A9BDC8C03 /* [CP] Check Pods Manifest.lock */,
				0ACD6DA32463A50E006C65FA /* Sources */,
				0ACD6DA42463A50E006C65FA /* Frameworks */,
				0ACD6DA52463A50E006C65FA /* Resources */,
				05BB08B060DAB9346FB5AB1C /* [CP] Embed Pods Frameworks */,
				EC09A54A23384EE9BFC8549F /* [CP] Copy Pods Resources */,
			);
			buildRules = (
			);
			dependencies = (
			);
			name = EarthNews;
			productName = EarthNews;
			productReference = 0ACD6DA72463A50E006C65FA /* 地球社区.app */;
			productType = "com.apple.product-type.application";
		};
/* End PBXNativeTarget section */

/* Begin PBXProject section */
		0ACD6D9F2463A50E006C65FA /* Project object */ = {
			isa = PBXProject;
			attributes = {
				LastUpgradeCheck = 1140;
				ORGANIZATIONNAME = zkeBoy;
				TargetAttributes = {
					0ACD6DA62463A50E006C65FA = {
						CreatedOnToolsVersion = 11.4.1;
					};
				};
			};
			buildConfigurationList = 0ACD6DA22463A50E006C65FA /* Build configuration list for PBXProject "EarthNews" */;
			compatibilityVersion = "Xcode 9.3";
			developmentRegion = en;
			hasScannedForEncodings = 0;
			knownRegions = (
				en,
				Base,
			);
			mainGroup = 0ACD6D9E2463A50E006C65FA;
			productRefGroup = 0ACD6DA82463A50E006C65FA /* Products */;
			projectDirPath = "";
			projectRoot = "";
			targets = (
				0ACD6DA62463A50E006C65FA /* EarthNews */,
			);
		};
/* End PBXProject section */

/* Begin PBXResourcesBuildPhase section */
		0ACD6DA52463A50E006C65FA /* Resources */ = {
			isa = PBXResourcesBuildPhase;
			buildActionMask = 2147483647;
			files = (
				0A5C0CD22465664F0018E88F /* EVOSettingViewController.xib in Resources */,
				0A5C0CE9246667BF0018E88F /* EVOSubmitCommunityController.xib in Resources */,
				0A5C0DC4246A4F840018E88F /* leadRule.pdf in Resources */,
				0A5C0D5D2468FA570018E88F /* FSActionSheet_cancel@3x.png in Resources */,
				0A5C0DA7246932420018E88F /* PrivacyPolicy.pdf in Resources */,
				0ACD6E212464F4BD006C65FA /* EVOMyCenterPhotoViewCell.xib in Resources */,
				0ACD6E272465041D006C65FA /* test.json in Resources */,
				0ACD6DDB2463B26C006C65FA /* EVOHomeViewController.xib in Resources */,
				0A5C0D792468FA5F0018E88F /* README.md in Resources */,
				0ACD6DBA2463A50E006C65FA /* LaunchScreen.storyboard in Resources */,
				0A5C0CF4246696C00018E88F /* EVOConnectUsViewController.xib in Resources */,
				0A9ADE482491CFD80001CFBF /* EVOBlackListCellView.xib in Resources */,
				0A9ADE412491CCCC0001CFBF /* EVOBlackListViewController.xib in Resources */,
				0ACD6DB72463A50E006C65FA /* Assets.xcassets in Resources */,
				0A5C0D782468FA5F0018E88F /* LICENSE in Resources */,
				0A5C0D5E2468FA570018E88F /* FSActionSheet_cancel@2x.png in Resources */,
				0A5C0DA8246932420018E88F /* TermsOfUse.pdf in Resources */,
				0ACD6E0F24640216006C65FA /* EVOCommunityViewCell.xib in Resources */,
				0ACD6E4224653C66006C65FA /* EVOUserInfoEditeViewController.xib in Resources */,
				0A5C0DAA24693D6B0018E88F /* community_test.json in Resources */,
				0ACD6E3924653064006C65FA /* EVOAppEnterViewController.xib in Resources */,
				0ACD6DE62463B8E5006C65FA /* EVOHomeNewsCollectionViewCell.xib in Resources */,
			);
			runOnlyForDeploymentPostprocessing = 0;
		};
/* End PBXResourcesBuildPhase section */

/* Begin PBXShellScriptBuildPhase section */
		05BB08B060DAB9346FB5AB1C /* [CP] Embed Pods Frameworks */ = {
			isa = PBXShellScriptBuildPhase;
			buildActionMask = 2147483647;
			files = (
			);
			inputFileListPaths = (
				"${PODS_ROOT}/Target Support Files/Pods-EarthNews/Pods-EarthNews-frameworks-${CONFIGURATION}-input-files.xcfilelist",
			);
			name = "[CP] Embed Pods Frameworks";
			outputFileListPaths = (
				"${PODS_ROOT}/Target Support Files/Pods-EarthNews/Pods-EarthNews-frameworks-${CONFIGURATION}-output-files.xcfilelist",
			);
			runOnlyForDeploymentPostprocessing = 0;
			shellPath = /bin/sh;
			shellScript = "\"${PODS_ROOT}/Target Support Files/Pods-EarthNews/Pods-EarthNews-frameworks.sh\"\n";
			showEnvVarsInLog = 0;
		};
		CB7C7C3B520EDD5A9BDC8C03 /* [CP] Check Pods Manifest.lock */ = {
			isa = PBXShellScriptBuildPhase;
			buildActionMask = 2147483647;
			files = (
			);
			inputFileListPaths = (
			);
			inputPaths = (
				"${PODS_PODFILE_DIR_PATH}/Podfile.lock",
				"${PODS_ROOT}/Manifest.lock",
			);
			name = "[CP] Check Pods Manifest.lock";
			outputFileListPaths = (
			);
			outputPaths = (
				"$(DERIVED_FILE_DIR)/Pods-EarthNews-checkManifestLockResult.txt",
			);
			runOnlyForDeploymentPostprocessing = 0;
			shellPath = /bin/sh;
			shellScript = "diff \"${PODS_PODFILE_DIR_PATH}/Podfile.lock\" \"${PODS_ROOT}/Manifest.lock\" > /dev/null\nif [ $? != 0 ] ; then\n    # print error to STDERR\n    echo \"error: The sandbox is not in sync with the Podfile.lock. Run 'pod install' or update your CocoaPods installation.\" >&2\n    exit 1\nfi\n# This output is used by Xcode 'outputs' to avoid re-running this script phase.\necho \"SUCCESS\" > \"${SCRIPT_OUTPUT_FILE_0}\"\n";
			showEnvVarsInLog = 0;
		};
		EC09A54A23384EE9BFC8549F /* [CP] Copy Pods Resources */ = {
			isa = PBXShellScriptBuildPhase;
			buildActionMask = 2147483647;
			files = (
			);
			inputFileListPaths = (
				"${PODS_ROOT}/Target Support Files/Pods-EarthNews/Pods-EarthNews-resources-${CONFIGURATION}-input-files.xcfilelist",
			);
			name = "[CP] Copy Pods Resources";
			outputFileListPaths = (
				"${PODS_ROOT}/Target Support Files/Pods-EarthNews/Pods-EarthNews-resources-${CONFIGURATION}-output-files.xcfilelist",
			);
			runOnlyForDeploymentPostprocessing = 0;
			shellPath = /bin/sh;
			shellScript = "\"${PODS_ROOT}/Target Support Files/Pods-EarthNews/Pods-EarthNews-resources.sh\"\n";
			showEnvVarsInLog = 0;
		};
/* End PBXShellScriptBuildPhase section */

/* Begin PBXSourcesBuildPhase section */
		0ACD6DA32463A50E006C65FA /* Sources */ = {
			isa = PBXSourcesBuildPhase;
			buildActionMask = 2147483647;
			files = (
				0A5C0D7B2468FA5F0018E88F /* UIView+SDExtension.m in Sources */,
				0A5C0D942468FA980018E88F /* EVOBulletChatView.m in Sources */,
				0ACD6E062463F221006C65FA /* EVOMessageViewController.m in Sources */,
				0ACD6DAC2463A50E006C65FA /* AppDelegate.m in Sources */,
				0A5C0DAD2469414C0018E88F /* EVONetworkURLPathManager.m in Sources */,
				0ACD6E3824653064006C65FA /* EVOAppEnterViewController.m in Sources */,
				0A9ADE402491CCCC0001CFBF /* EVOBlackListViewController.m in Sources */,
				0A5C0D582468FA570018E88F /* XLProgressView.m in Sources */,
				0ACD6DD62463B095006C65FA /* EVONavigationController.m in Sources */,
				0A5C0D602468FA570018E88F /* FSActionSheet.m in Sources */,
				0ACD6DFC2463E6B3006C65FA /* EVOMapDetailViewController.m in Sources */,
				0ACD6E1C2464F2E3006C65FA /* EVOMyCenterPhotoCollectionView.m in Sources */,
				0ACD6DD22463AEFD006C65FA /* UIImage+Category.m in Sources */,
				0A5C0D5C2468FA570018E88F /* XLPhotoBrowser.m in Sources */,
				0ACD6E12246413E0006C65FA /* UIView+Gesture.m in Sources */,
				0A9ADE3B2491CA5D0001CFBF /* EVOBlackListManager.m in Sources */,
				0A5C0CC6246558E50018E88F /* SPDateTimePickerView.m in Sources */,
				0A9ADE472491CFD80001CFBF /* EVOBlackListCellView.m in Sources */,
				0A5C0D962468FA980018E88F /* EVODynamicInfoView.m in Sources */,
				0A5C0D802468FA5F0018E88F /* TAAbstractDotView.m in Sources */,
				0A5C0CC924655D310018E88F /* EVOUserDataObj.m in Sources */,
				0A5C0D5A2468FA570018E88F /* UIImage+XLExtension.m in Sources */,
				0ACD6E4124653C66006C65FA /* EVOUserInfoEditeViewController.m in Sources */,
				0A5C0D5F2468FA570018E88F /* FSActionSheetConfig.m in Sources */,
				0ACD6DE52463B8E5006C65FA /* EVOHomeNewsCollectionViewCell.m in Sources */,
				0A5C0CEA246667BF0018E88F /* EVOSubmitCommunityController.m in Sources */,
				0ACD6DBD2463A50E006C65FA /* main.m in Sources */,
				0ACD6DEE2463D75F006C65FA /* EVOCommunityViewController.m in Sources */,
				0A5C0DA02468FABC0018E88F /* FDanmakuView.m in Sources */,
				0A5C0CEB246667BF0018E88F /* EVOSubmitCustomBtn.m in Sources */,
				0ACD6E032463F217006C65FA /* EVODynamicsViewController.m in Sources */,
				0A5C0D9F2468FABC0018E88F /* CALayer+Aimate.m in Sources */,
				0A5C0D5B2468FA570018E88F /* XLZoomingScrollView.m in Sources */,
				0ACD6E33246527EA006C65FA /* EVOUserDataManager.m in Sources */,
				0A5C0D972468FA980018E88F /* EVOInputCommentView.m in Sources */,
				0A5C0CD12465664F0018E88F /* EVOSettingViewController.m in Sources */,
				0A5C0D842468FA880018E88F /* EVOLocation.m in Sources */,
				0A5C0D592468FA570018E88F /* UIView+XLExtension.m in Sources */,
				0A5C0D612468FA570018E88F /* FSActionSheetCell.m in Sources */,
				0ACD6DCE2463ACAE006C65FA /* EVOTabBarViewController.m in Sources */,
				0A5C0D952468FA980018E88F /* EVODynamicDetailsVC.m in Sources */,
				0ACD6DEB2463D74D006C65FA /* EVOMyCenterViewController.m in Sources */,
				0A5C0CF3246696C00018E88F /* EVOConnectUsViewController.m in Sources */,
				0ACD6DDA2463B26C006C65FA /* EVOHomeViewController.m in Sources */,
				0A5C0D7A2468FA5F0018E88F /* SDCycleScrollView.m in Sources */,
				0A5C0D622468FA570018E88F /* FSActionSheetItem.m in Sources */,
				0A5C0D982468FA980018E88F /* EVOAnnotation.m in Sources */,
				0ACD6DC52463A5D3006C65FA /* GlobeScene.m in Sources */,
				0ACD6E2524650082006C65FA /* EVOUserCommunityDataObj.m in Sources */,
				0ACD6E0E24640216006C65FA /* EVOCommunityViewCell.m in Sources */,
				0ACD6E202464F4BD006C65FA /* EVOMyCenterPhotoViewCell.m in Sources */,
				0ACD6DDE2463B6B1006C65FA /* EVOHomeNewsListView.m in Sources */,
				0A5C0CCC246560D20018E88F /* EVOPrivateRuleViewController.m in Sources */,
				0A5C0D7F2468FA5F0018E88F /* TAAnimatedDotView.m in Sources */,
				0ACD6E19246417FD006C65FA /* EVOMyCenterCustomView.m in Sources */,
				0A5C0CBE2465493C0018E88F /* EVONormalToolManager.m in Sources */,
				0A5C0D7C2468FA5F0018E88F /* SDCollectionViewCell.m in Sources */,
				0ACD6DF32463D9E7006C65FA /* UIColor+Hex.m in Sources */,
				0A5C0D7E2468FA5F0018E88F /* TAPageControl.m in Sources */,
				0A5C0CEE246667D70018E88F /* UITextView+YLTextView.m in Sources */,
				0ACD6E1624641729006C65FA /* EVOMyCenterTopView.m in Sources */,
				0A5C0CC1246552550018E88F /* NSObject+Toast.m in Sources */,
				0A5C0D932468FA980018E88F /* EVOBullevchatModel.m in Sources */,
				0ACD6E2F24650F6E006C65FA /* EVOCommunityDataManager.m in Sources */,
				0A5C0D7D2468FA5F0018E88F /* TADotView.m in Sources */,
				0ACD6DF92463DE98006C65FA /* EVONetworkEngineManager.m in Sources */,
			);
			runOnlyForDeploymentPostprocessing = 0;
		};
/* End PBXSourcesBuildPhase section */

/* Begin PBXVariantGroup section */
		0ACD6DB82463A50E006C65FA /* LaunchScreen.storyboard */ = {
			isa = PBXVariantGroup;
			children = (
				0ACD6DB92463A50E006C65FA /* Base */,
			);
			name = LaunchScreen.storyboard;
			sourceTree = "<group>";
		};
/* End PBXVariantGroup section */

/* Begin XCBuildConfiguration section */
		0ACD6DBE2463A50E006C65FA /* Debug */ = {
			isa = XCBuildConfiguration;
			buildSettings = {
				ALWAYS_SEARCH_USER_PATHS = NO;
				CLANG_ANALYZER_NONNULL = YES;
				CLANG_ANALYZER_NUMBER_OBJECT_CONVERSION = YES_AGGRESSIVE;
				CLANG_CXX_LANGUAGE_STANDARD = "gnu++14";
				CLANG_CXX_LIBRARY = "libc++";
				CLANG_ENABLE_MODULES = YES;
				CLANG_ENABLE_OBJC_ARC = YES;
				CLANG_ENABLE_OBJC_WEAK = YES;
				CLANG_WARN_BLOCK_CAPTURE_AUTORELEASING = YES;
				CLANG_WARN_BOOL_CONVERSION = YES;
				CLANG_WARN_COMMA = YES;
				CLANG_WARN_CONSTANT_CONVERSION = YES;
				CLANG_WARN_DEPRECATED_OBJC_IMPLEMENTATIONS = YES;
				CLANG_WARN_DIRECT_OBJC_ISA_USAGE = YES_ERROR;
				CLANG_WARN_DOCUMENTATION_COMMENTS = YES;
				CLANG_WARN_EMPTY_BODY = YES;
				CLANG_WARN_ENUM_CONVERSION = YES;
				CLANG_WARN_INFINITE_RECURSION = YES;
				CLANG_WARN_INT_CONVERSION = YES;
				CLANG_WARN_NON_LITERAL_NULL_CONVERSION = YES;
				CLANG_WARN_OBJC_IMPLICIT_RETAIN_SELF = YES;
				CLANG_WARN_OBJC_LITERAL_CONVERSION = YES;
				CLANG_WARN_OBJC_ROOT_CLASS = YES_ERROR;
				CLANG_WARN_RANGE_LOOP_ANALYSIS = YES;
				CLANG_WARN_STRICT_PROTOTYPES = YES;
				CLANG_WARN_SUSPICIOUS_MOVE = YES;
				CLANG_WARN_UNGUARDED_AVAILABILITY = YES_AGGRESSIVE;
				CLANG_WARN_UNREACHABLE_CODE = YES;
				CLANG_WARN__DUPLICATE_METHOD_MATCH = YES;
				COPY_PHASE_STRIP = NO;
				DEBUG_INFORMATION_FORMAT = dwarf;
				ENABLE_STRICT_OBJC_MSGSEND = YES;
				ENABLE_TESTABILITY = YES;
				GCC_C_LANGUAGE_STANDARD = gnu11;
				GCC_DYNAMIC_NO_PIC = NO;
				GCC_NO_COMMON_BLOCKS = YES;
				GCC_OPTIMIZATION_LEVEL = 0;
				GCC_PREPROCESSOR_DEFINITIONS = (
					"DEBUG=1",
					"$(inherited)",
				);
				GCC_WARN_64_TO_32_BIT_CONVERSION = YES;
				GCC_WARN_ABOUT_RETURN_TYPE = YES_ERROR;
				GCC_WARN_UNDECLARED_SELECTOR = YES;
				GCC_WARN_UNINITIALIZED_AUTOS = YES_AGGRESSIVE;
				GCC_WARN_UNUSED_FUNCTION = YES;
				GCC_WARN_UNUSED_VARIABLE = YES;
				IPHONEOS_DEPLOYMENT_TARGET = 13.4;
				MTL_ENABLE_DEBUG_INFO = INCLUDE_SOURCE;
				MTL_FAST_MATH = YES;
				ONLY_ACTIVE_ARCH = YES;
				SDKROOT = iphoneos;
			};
			name = Debug;
		};
		0ACD6DBF2463A50E006C65FA /* Release */ = {
			isa = XCBuildConfiguration;
			buildSettings = {
				ALWAYS_SEARCH_USER_PATHS = NO;
				CLANG_ANALYZER_NONNULL = YES;
				CLANG_ANALYZER_NUMBER_OBJECT_CONVERSION = YES_AGGRESSIVE;
				CLANG_CXX_LANGUAGE_STANDARD = "gnu++14";
				CLANG_CXX_LIBRARY = "libc++";
				CLANG_ENABLE_MODULES = YES;
				CLANG_ENABLE_OBJC_ARC = YES;
				CLANG_ENABLE_OBJC_WEAK = YES;
				CLANG_WARN_BLOCK_CAPTURE_AUTORELEASING = YES;
				CLANG_WARN_BOOL_CONVERSION = YES;
				CLANG_WARN_COMMA = YES;
				CLANG_WARN_CONSTANT_CONVERSION = YES;
				CLANG_WARN_DEPRECATED_OBJC_IMPLEMENTATIONS = YES;
				CLANG_WARN_DIRECT_OBJC_ISA_USAGE = YES_ERROR;
				CLANG_WARN_DOCUMENTATION_COMMENTS = YES;
				CLANG_WARN_EMPTY_BODY = YES;
				CLANG_WARN_ENUM_CONVERSION = YES;
				CLANG_WARN_INFINITE_RECURSION = YES;
				CLANG_WARN_INT_CONVERSION = YES;
				CLANG_WARN_NON_LITERAL_NULL_CONVERSION = YES;
				CLANG_WARN_OBJC_IMPLICIT_RETAIN_SELF = YES;
				CLANG_WARN_OBJC_LITERAL_CONVERSION = YES;
				CLANG_WARN_OBJC_ROOT_CLASS = YES_ERROR;
				CLANG_WARN_RANGE_LOOP_ANALYSIS = YES;
				CLANG_WARN_STRICT_PROTOTYPES = YES;
				CLANG_WARN_SUSPICIOUS_MOVE = YES;
				CLANG_WARN_UNGUARDED_AVAILABILITY = YES_AGGRESSIVE;
				CLANG_WARN_UNREACHABLE_CODE = YES;
				CLANG_WARN__DUPLICATE_METHOD_MATCH = YES;
				COPY_PHASE_STRIP = NO;
				DEBUG_INFORMATION_FORMAT = "dwarf-with-dsym";
				ENABLE_NS_ASSERTIONS = NO;
				ENABLE_STRICT_OBJC_MSGSEND = YES;
				GCC_C_LANGUAGE_STANDARD = gnu11;
				GCC_NO_COMMON_BLOCKS = YES;
				GCC_WARN_64_TO_32_BIT_CONVERSION = YES;
				GCC_WARN_ABOUT_RETURN_TYPE = YES_ERROR;
				GCC_WARN_UNDECLARED_SELECTOR = YES;
				GCC_WARN_UNINITIALIZED_AUTOS = YES_AGGRESSIVE;
				GCC_WARN_UNUSED_FUNCTION = YES;
				GCC_WARN_UNUSED_VARIABLE = YES;
				IPHONEOS_DEPLOYMENT_TARGET = 13.4;
				MTL_ENABLE_DEBUG_INFO = NO;
				MTL_FAST_MATH = YES;
				SDKROOT = iphoneos;
				VALIDATE_PRODUCT = YES;
			};
			name = Release;
		};
		0ACD6DC12463A50E006C65FA /* Debug */ = {
			isa = XCBuildConfiguration;
			baseConfigurationReference = 8C227E15C40890433819469B /* Pods-EarthNews.debug.xcconfig */;
			buildSettings = {
				ASSETCATALOG_COMPILER_APPICON_NAME = AppIcon;
				CODE_SIGN_STYLE = Automatic;
				DEVELOPMENT_TEAM = 822B77XGPZ;
				GCC_PREFIX_HEADER = "$(SRCROOT)/EarthNews/Tool/Comment/PrefixHeader.pch";
				INFOPLIST_FILE = EarthNews/Info.plist;
				IPHONEOS_DEPLOYMENT_TARGET = 10.0;
				LD_RUNPATH_SEARCH_PATHS = (
					"$(inherited)",
					"@executable_path/Frameworks",
				);
				LIBRARY_SEARCH_PATHS = (
					"$(inherited)",
					"$(PROJECT_DIR)/EarthNews/Third/OpenInstallSDK2.3.0",
				);
				PRODUCT_BUNDLE_IDENTIFIER = www.EarthNews;
				PRODUCT_NAME = "地球社区";
				TARGETED_DEVICE_FAMILY = 1;
			};
			name = Debug;
		};
		0ACD6DC22463A50E006C65FA /* Release */ = {
			isa = XCBuildConfiguration;
			baseConfigurationReference = 0A0A8209C00392E4D831AF9D /* Pods-EarthNews.release.xcconfig */;
			buildSettings = {
				ASSETCATALOG_COMPILER_APPICON_NAME = AppIcon;
				CODE_SIGN_STYLE = Automatic;
				DEVELOPMENT_TEAM = 822B77XGPZ;
				GCC_PREFIX_HEADER = "$(SRCROOT)/EarthNews/Tool/Comment/PrefixHeader.pch";
				INFOPLIST_FILE = EarthNews/Info.plist;
				IPHONEOS_DEPLOYMENT_TARGET = 10.0;
				LD_RUNPATH_SEARCH_PATHS = (
					"$(inherited)",
					"@executable_path/Frameworks",
				);
				LIBRARY_SEARCH_PATHS = (
					"$(inherited)",
					"$(PROJECT_DIR)/EarthNews/Third/OpenInstallSDK2.3.0",
				);
				PRODUCT_BUNDLE_IDENTIFIER = www.EarthNews;
				PRODUCT_NAME = "地球社区";
				TARGETED_DEVICE_FAMILY = 1;
			};
			name = Release;
		};
/* End XCBuildConfiguration section */

/* Begin XCConfigurationList section */
		0ACD6DA22463A50E006C65FA /* Build configuration list for PBXProject "EarthNews" */ = {
			isa = XCConfigurationList;
			buildConfigurations = (
				0ACD6DBE2463A50E006C65FA /* Debug */,
				0ACD6DBF2463A50E006C65FA /* Release */,
			);
			defaultConfigurationIsVisible = 0;
			defaultConfigurationName = Release;
		};
		0ACD6DC02463A50E006C65FA /* Build configuration list for PBXNativeTarget "EarthNews" */ = {
			isa = XCConfigurationList;
			buildConfigurations = (
				0ACD6DC12463A50E006C65FA /* Debug */,
				0ACD6DC22463A50E006C65FA /* Release */,
			);
			defaultConfigurationIsVisible = 0;
			defaultConfigurationName = Release;
		};
/* End XCConfigurationList section */
	};
	rootObject = 0ACD6D9F2463A50E006C65FA /* Project object */;
}
